// !$*UTF8*$!
{
	archiveVersion = 1;
	classes = {
	};
	objectVersion = 56;
	objects = {

/* Begin PBXBuildFile section */
		DC6C6D432C648D0700694454 /* AppDelegate.swift in Sources */ = {isa = PBXBuildFile; fileRef = DC6C6D422C648D0700694454 /* AppDelegate.swift */; };
		DC6C6D452C648D0700694454 /* SceneDelegate.swift in Sources */ = {isa = PBXBuildFile; fileRef = DC6C6D442C648D0700694454 /* SceneDelegate.swift */; };
		DC6C6D472C648D0700694454 /* ViewController.swift in Sources */ = {isa = PBXBuildFile; fileRef = DC6C6D462C648D0700694454 /* ViewController.swift */; };
		DC6C6D4A2C648D0700694454 /* Main.storyboard in Resources */ = {isa = PBXBuildFile; fileRef = DC6C6D482C648D0700694454 /* Main.storyboard */; };
		DC6C6D4C2C648D0A00694454 /* Assets.xcassets in Resources */ = {isa = PBXBuildFile; fileRef = DC6C6D4B2C648D0A00694454 /* Assets.xcassets */; };
		DC6C6D4F2C648D0A00694454 /* LaunchScreen.storyboard in Resources */ = {isa = PBXBuildFile; fileRef = DC6C6D4D2C648D0A00694454 /* LaunchScreen.storyboard */; };
		DC6C6D582C648D4D00694454 /* SearchViewController.swift in Sources */ = {isa = PBXBuildFile; fileRef = DC6C6D572C648D4D00694454 /* SearchViewController.swift */; };
		DC6C6D5B2C648DEE00694454 /* RxCocoa in Frameworks */ = {isa = PBXBuildFile; productRef = DC6C6D5A2C648DEE00694454 /* RxCocoa */; };
		DC6C6D5D2C648DEE00694454 /* RxSwift in Frameworks */ = {isa = PBXBuildFile; productRef = DC6C6D5C2C648DEE00694454 /* RxSwift */; };
		DC6C6D602C648DFB00694454 /* SnapKit in Frameworks */ = {isa = PBXBuildFile; productRef = DC6C6D5F2C648DFB00694454 /* SnapKit */; };
		DC6C6D632C648E0900694454 /* Alamofire in Frameworks */ = {isa = PBXBuildFile; productRef = DC6C6D622C648E0900694454 /* Alamofire */; };
		DC6C6D652C64955300694454 /* SearchViewModel.swift in Sources */ = {isa = PBXBuildFile; fileRef = DC6C6D642C64955300694454 /* SearchViewModel.swift */; };
		DC6C6D672C64956C00694454 /* iTunes.swift in Sources */ = {isa = PBXBuildFile; fileRef = DC6C6D662C64956C00694454 /* iTunes.swift */; };
		DC6C6D692C649D5C00694454 /* NetworkManager.swift in Sources */ = {isa = PBXBuildFile; fileRef = DC6C6D682C649D5C00694454 /* NetworkManager.swift */; };
/* End PBXBuildFile section */

/* Begin PBXFileReference section */
		DC6C6D3F2C648D0700694454 /* iTunesSearch.app */ = {isa = PBXFileReference; explicitFileType = wrapper.application; includeInIndex = 0; path = iTunesSearch.app; sourceTree = BUILT_PRODUCTS_DIR; };
		DC6C6D422C648D0700694454 /* AppDelegate.swift */ = {isa = PBXFileReference; lastKnownFileType = sourcecode.swift; path = AppDelegate.swift; sourceTree = "<group>"; };
		DC6C6D442C648D0700694454 /* SceneDelegate.swift */ = {isa = PBXFileReference; lastKnownFileType = sourcecode.swift; path = SceneDelegate.swift; sourceTree = "<group>"; };
		DC6C6D462C648D0700694454 /* ViewController.swift */ = {isa = PBXFileReference; lastKnownFileType = sourcecode.swift; path = ViewController.swift; sourceTree = "<group>"; };
		DC6C6D492C648D0700694454 /* Base */ = {isa = PBXFileReference; lastKnownFileType = file.storyboard; name = Base; path = Base.lproj/Main.storyboard; sourceTree = "<group>"; };
		DC6C6D4B2C648D0A00694454 /* Assets.xcassets */ = {isa = PBXFileReference; lastKnownFileType = folder.assetcatalog; path = Assets.xcassets; sourceTree = "<group>"; };
		DC6C6D4E2C648D0A00694454 /* Base */ = {isa = PBXFileReference; lastKnownFileType = file.storyboard; name = Base; path = Base.lproj/LaunchScreen.storyboard; sourceTree = "<group>"; };
		DC6C6D502C648D0A00694454 /* Info.plist */ = {isa = PBXFileReference; lastKnownFileType = text.plist.xml; path = Info.plist; sourceTree = "<group>"; };
		DC6C6D572C648D4D00694454 /* SearchViewController.swift */ = {isa = PBXFileReference; lastKnownFileType = sourcecode.swift; path = SearchViewController.swift; sourceTree = "<group>"; };
		DC6C6D642C64955300694454 /* SearchViewModel.swift */ = {isa = PBXFileReference; lastKnownFileType = sourcecode.swift; path = SearchViewModel.swift; sourceTree = "<group>"; };
		DC6C6D662C64956C00694454 /* iTunes.swift */ = {isa = PBXFileReference; lastKnownFileType = sourcecode.swift; path = iTunes.swift; sourceTree = "<group>"; };
		DC6C6D682C649D5C00694454 /* NetworkManager.swift */ = {isa = PBXFileReference; lastKnownFileType = sourcecode.swift; path = NetworkManager.swift; sourceTree = "<group>"; };
/* End PBXFileReference section */

/* Begin PBXFrameworksBuildPhase section */
		DC6C6D3C2C648D0700694454 /* Frameworks */ = {
			isa = PBXFrameworksBuildPhase;
			buildActionMask = 2147483647;
			files = (
				DC6C6D602C648DFB00694454 /* SnapKit in Frameworks */,
				DC6C6D632C648E0900694454 /* Alamofire in Frameworks */,
				DC6C6D5D2C648DEE00694454 /* RxSwift in Frameworks */,
				DC6C6D5B2C648DEE00694454 /* RxCocoa in Frameworks */,
			);
			runOnlyForDeploymentPostprocessing = 0;
		};
/* End PBXFrameworksBuildPhase section */

/* Begin PBXGroup section */
		DC6C6D362C648D0700694454 = {
			isa = PBXGroup;
			children = (
				DC6C6D412C648D0700694454 /* iTunesSearch */,
				DC6C6D402C648D0700694454 /* Products */,
			);
			sourceTree = "<group>";
		};
		DC6C6D402C648D0700694454 /* Products */ = {
			isa = PBXGroup;
			children = (
				DC6C6D3F2C648D0700694454 /* iTunesSearch.app */,
			);
			name = Products;
			sourceTree = "<group>";
		};
		DC6C6D412C648D0700694454 /* iTunesSearch */ = {
			isa = PBXGroup;
			children = (
				DC6C6D422C648D0700694454 /* AppDelegate.swift */,
				DC6C6D442C648D0700694454 /* SceneDelegate.swift */,
				DC6C6D462C648D0700694454 /* ViewController.swift */,
				DC6C6D482C648D0700694454 /* Main.storyboard */,
				DC6C6D4B2C648D0A00694454 /* Assets.xcassets */,
				DC6C6D4D2C648D0A00694454 /* LaunchScreen.storyboard */,
				DC6C6D502C648D0A00694454 /* Info.plist */,
				DC6C6D562C648D4000694454 /* Search */,
			);
			path = iTunesSearch;
			sourceTree = "<group>";
		};
		DC6C6D562C648D4000694454 /* Search */ = {
			isa = PBXGroup;
			children = (
				DC6C6D572C648D4D00694454 /* SearchViewController.swift */,
				DC6C6D642C64955300694454 /* SearchViewModel.swift */,
				DC6C6D662C64956C00694454 /* iTunes.swift */,
				DC6C6D682C649D5C00694454 /* NetworkManager.swift */,
			);
			path = Search;
			sourceTree = "<group>";
		};
/* End PBXGroup section */

/* Begin PBXNativeTarget section */
		DC6C6D3E2C648D0700694454 /* iTunesSearch */ = {
			isa = PBXNativeTarget;
			buildConfigurationList = DC6C6D532C648D0A00694454 /* Build configuration list for PBXNativeTarget "iTunesSearch" */;
			buildPhases = (
				DC6C6D3B2C648D0700694454 /* Sources */,
				DC6C6D3C2C648D0700694454 /* Frameworks */,
				DC6C6D3D2C648D0700694454 /* Resources */,
			);
			buildRules = (
			);
			dependencies = (
			);
			name = iTunesSearch;
			packageProductDependencies = (
				DC6C6D5A2C648DEE00694454 /* RxCocoa */,
				DC6C6D5C2C648DEE00694454 /* RxSwift */,
				DC6C6D5F2C648DFB00694454 /* SnapKit */,
				DC6C6D622C648E0900694454 /* Alamofire */,
			);
			productName = iTunesSearch;
			productReference = DC6C6D3F2C648D0700694454 /* iTunesSearch.app */;
			productType = "com.apple.product-type.application";
		};
/* End PBXNativeTarget section */

/* Begin PBXProject section */
		DC6C6D372C648D0700694454 /* Project object */ = {
			isa = PBXProject;
			attributes = {
				BuildIndependentTargetsInParallel = 1;
				LastSwiftUpdateCheck = 1500;
				LastUpgradeCheck = 1500;
				TargetAttributes = {
					DC6C6D3E2C648D0700694454 = {
						CreatedOnToolsVersion = 15.0.1;
					};
				};
			};
			buildConfigurationList = DC6C6D3A2C648D0700694454 /* Build configuration list for PBXProject "iTunesSearch" */;
			compatibilityVersion = "Xcode 14.0";
			developmentRegion = en;
			hasScannedForEncodings = 0;
			knownRegions = (
				en,
				Base,
			);
			mainGroup = DC6C6D362C648D0700694454;
			packageReferences = (
				DC6C6D592C648DEE00694454 /* XCRemoteSwiftPackageReference "RxSwift" */,
				DC6C6D5E2C648DFB00694454 /* XCRemoteSwiftPackageReference "SnapKit" */,
				DC6C6D612C648E0900694454 /* XCRemoteSwiftPackageReference "Alamofire" */,
			);
			productRefGroup = DC6C6D402C648D0700694454 /* Products */;
			projectDirPath = "";
			projectRoot = "";
			targets = (
				DC6C6D3E2C648D0700694454 /* iTunesSearch */,
			);
		};
/* End PBXProject section */

/* Begin PBXResourcesBuildPhase section */
		DC6C6D3D2C648D0700694454 /* Resources */ = {
			isa = PBXResourcesBuildPhase;
			buildActionMask = 2147483647;
			files = (
				DC6C6D4F2C648D0A00694454 /* LaunchScreen.storyboard in Resources */,
				DC6C6D4C2C648D0A00694454 /* Assets.xcassets in Resources */,
				DC6C6D4A2C648D0700694454 /* Main.storyboard in Resources */,
			);
			runOnlyForDeploymentPostprocessing = 0;
		};
/* End PBXResourcesBuildPhase section */

/* Begin PBXSourcesBuildPhase section */
		DC6C6D3B2C648D0700694454 /* Sources */ = {
			isa = PBXSourcesBuildPhase;
			buildActionMask = 2147483647;
			files = (
				DC6C6D472C648D0700694454 /* ViewController.swift in Sources */,
				DC6C6D672C64956C00694454 /* iTunes.swift in Sources */,
				DC6C6D652C64955300694454 /* SearchViewModel.swift in Sources */,
				DC6C6D692C649D5C00694454 /* NetworkManager.swift in Sources */,
				DC6C6D432C648D0700694454 /* AppDelegate.swift in Sources */,
				DC6C6D582C648D4D00694454 /* SearchViewController.swift in Sources */,
				DC6C6D452C648D0700694454 /* SceneDelegate.swift in Sources */,
			);
			runOnlyForDeploymentPostprocessing = 0;
		};
/* End PBXSourcesBuildPhase section */

/* Begin PBXVariantGroup section */
		DC6C6D482C648D0700694454 /* Main.storyboard */ = {
			isa = PBXVariantGroup;
			children = (
				DC6C6D492C648D0700694454 /* Base */,
			);
			name = Main.storyboard;
			sourceTree = "<group>";
		};
		DC6C6D4D2C648D0A00694454 /* LaunchScreen.storyboard */ = {
			isa = PBXVariantGroup;
			children = (
				DC6C6D4E2C648D0A00694454 /* Base */,
			);
			name = LaunchScreen.storyboard;
			sourceTree = "<group>";
		};
/* End PBXVariantGroup section */

/* Begin XCBuildConfiguration section */
		DC6C6D512C648D0A00694454 /* Debug */ = {
			isa = XCBuildConfiguration;
			buildSettings = {
				ALWAYS_SEARCH_USER_PATHS = NO;
				ASSETCATALOG_COMPILER_GENERATE_SWIFT_ASSET_SYMBOL_EXTENSIONS = YES;
				CLANG_ANALYZER_NONNULL = YES;
				CLANG_ANALYZER_NUMBER_OBJECT_CONVERSION = YES_AGGRESSIVE;
				CLANG_CXX_LANGUAGE_STANDARD = "gnu++20";
				CLANG_ENABLE_MODULES = YES;
				CLANG_ENABLE_OBJC_ARC = YES;
				CLANG_ENABLE_OBJC_WEAK = YES;
				CLANG_WARN_BLOCK_CAPTURE_AUTORELEASING = YES;
				CLANG_WARN_BOOL_CONVERSION = YES;
				CLANG_WARN_COMMA = YES;
				CLANG_WARN_CONSTANT_CONVERSION = YES;
				CLANG_WARN_DEPRECATED_OBJC_IMPLEMENTATIONS = YES;
				CLANG_WARN_DIRECT_OBJC_ISA_USAGE = YES_ERROR;
				CLANG_WARN_DOCUMENTATION_COMMENTS = YES;
				CLANG_WARN_EMPTY_BODY = YES;
				CLANG_WARN_ENUM_CONVERSION = YES;
				CLANG_WARN_INFINITE_RECURSION = YES;
				CLANG_WARN_INT_CONVERSION = YES;
				CLANG_WARN_NON_LITERAL_NULL_CONVERSION = YES;
				CLANG_WARN_OBJC_IMPLICIT_RETAIN_SELF = YES;
				CLANG_WARN_OBJC_LITERAL_CONVERSION = YES;
				CLANG_WARN_OBJC_ROOT_CLASS = YES_ERROR;
				CLANG_WARN_QUOTED_INCLUDE_IN_FRAMEWORK_HEADER = YES;
				CLANG_WARN_RANGE_LOOP_ANALYSIS = YES;
				CLANG_WARN_STRICT_PROTOTYPES = YES;
				CLANG_WARN_SUSPICIOUS_MOVE = YES;
				CLANG_WARN_UNGUARDED_AVAILABILITY = YES_AGGRESSIVE;
				CLANG_WARN_UNREACHABLE_CODE = YES;
				CLANG_WARN__DUPLICATE_METHOD_MATCH = YES;
				COPY_PHASE_STRIP = NO;
				DEBUG_INFORMATION_FORMAT = dwarf;
				ENABLE_STRICT_OBJC_MSGSEND = YES;
				ENABLE_TESTABILITY = YES;
				ENABLE_USER_SCRIPT_SANDBOXING = YES;
				GCC_C_LANGUAGE_STANDARD = gnu17;
				GCC_DYNAMIC_NO_PIC = NO;
				GCC_NO_COMMON_BLOCKS = YES;
				GCC_OPTIMIZATION_LEVEL = 0;
				GCC_PREPROCESSOR_DEFINITIONS = (
					"DEBUG=1",
					"$(inherited)",
				);
				GCC_WARN_64_TO_32_BIT_CONVERSION = YES;
				GCC_WARN_ABOUT_RETURN_TYPE = YES_ERROR;
				GCC_WARN_UNDECLARED_SELECTOR = YES;
				GCC_WARN_UNINITIALIZED_AUTOS = YES_AGGRESSIVE;
				GCC_WARN_UNUSED_FUNCTION = YES;
				GCC_WARN_UNUSED_VARIABLE = YES;
				IPHONEOS_DEPLOYMENT_TARGET = 17.0;
				LOCALIZATION_PREFERS_STRING_CATALOGS = YES;
				MTL_ENABLE_DEBUG_INFO = INCLUDE_SOURCE;
				MTL_FAST_MATH = YES;
				ONLY_ACTIVE_ARCH = YES;
				SDKROOT = iphoneos;
				SWIFT_ACTIVE_COMPILATION_CONDITIONS = "DEBUG $(inherited)";
				SWIFT_OPTIMIZATION_LEVEL = "-Onone";
			};
			name = Debug;
		};
		DC6C6D522C648D0A00694454 /* Release */ = {
			isa = XCBuildConfiguration;
			buildSettings = {
				ALWAYS_SEARCH_USER_PATHS = NO;
				ASSETCATALOG_COMPILER_GENERATE_SWIFT_ASSET_SYMBOL_EXTENSIONS = YES;
				CLANG_ANALYZER_NONNULL = YES;
				CLANG_ANALYZER_NUMBER_OBJECT_CONVERSION = YES_AGGRESSIVE;
				CLANG_CXX_LANGUAGE_STANDARD = "gnu++20";
				CLANG_ENABLE_MODULES = YES;
				CLANG_ENABLE_OBJC_ARC = YES;
				CLANG_ENABLE_OBJC_WEAK = YES;
				CLANG_WARN_BLOCK_CAPTURE_AUTORELEASING = YES;
				CLANG_WARN_BOOL_CONVERSION = YES;
				CLANG_WARN_COMMA = YES;
				CLANG_WARN_CONSTANT_CONVERSION = YES;
				CLANG_WARN_DEPRECATED_OBJC_IMPLEMENTATIONS = YES;
				CLANG_WARN_DIRECT_OBJC_ISA_USAGE = YES_ERROR;
				CLANG_WARN_DOCUMENTATION_COMMENTS = YES;
				CLANG_WARN_EMPTY_BODY = YES;
				CLANG_WARN_ENUM_CONVERSION = YES;
				CLANG_WARN_INFINITE_RECURSION = YES;
				CLANG_WARN_INT_CONVERSION = YES;
				CLANG_WARN_NON_LITERAL_NULL_CONVERSION = YES;
				CLANG_WARN_OBJC_IMPLICIT_RETAIN_SELF = YES;
				CLANG_WARN_OBJC_LITERAL_CONVERSION = YES;
				CLANG_WARN_OBJC_ROOT_CLASS = YES_ERROR;
				CLANG_WARN_QUOTED_INCLUDE_IN_FRAMEWORK_HEADER = YES;
				CLANG_WARN_RANGE_LOOP_ANALYSIS = YES;
				CLANG_WARN_STRICT_PROTOTYPES = YES;
				CLANG_WARN_SUSPICIOUS_MOVE = YES;
				CLANG_WARN_UNGUARDED_AVAILABILITY = YES_AGGRESSIVE;
				CLANG_WARN_UNREACHABLE_CODE = YES;
				CLANG_WARN__DUPLICATE_METHOD_MATCH = YES;
				COPY_PHASE_STRIP = NO;
				DEBUG_INFORMATION_FORMAT = "dwarf-with-dsym";
				ENABLE_NS_ASSERTIONS = NO;
				ENABLE_STRICT_OBJC_MSGSEND = YES;
				ENABLE_USER_SCRIPT_SANDBOXING = YES;
				GCC_C_LANGUAGE_STANDARD = gnu17;
				GCC_NO_COMMON_BLOCKS = YES;
				GCC_WARN_64_TO_32_BIT_CONVERSION = YES;
				GCC_WARN_ABOUT_RETURN_TYPE = YES_ERROR;
				GCC_WARN_UNDECLARED_SELECTOR = YES;
				GCC_WARN_UNINITIALIZED_AUTOS = YES_AGGRESSIVE;
				GCC_WARN_UNUSED_FUNCTION = YES;
				GCC_WARN_UNUSED_VARIABLE = YES;
				IPHONEOS_DEPLOYMENT_TARGET = 17.0;
				LOCALIZATION_PREFERS_STRING_CATALOGS = YES;
				MTL_ENABLE_DEBUG_INFO = NO;
				MTL_FAST_MATH = YES;
				SDKROOT = iphoneos;
				SWIFT_COMPILATION_MODE = wholemodule;
				VALIDATE_PRODUCT = YES;
			};
			name = Release;
		};
		DC6C6D542C648D0A00694454 /* Debug */ = {
			isa = XCBuildConfiguration;
			buildSettings = {
				ASSETCATALOG_COMPILER_APPICON_NAME = AppIcon;
				ASSETCATALOG_COMPILER_GLOBAL_ACCENT_COLOR_NAME = AccentColor;
				CODE_SIGN_STYLE = Automatic;
				CURRENT_PROJECT_VERSION = 1;
				DEVELOPMENT_TEAM = VC8Q8WBRQ3;
				GENERATE_INFOPLIST_FILE = YES;
				INFOPLIST_FILE = iTunesSearch/Info.plist;
				INFOPLIST_KEY_UIApplicationSupportsIndirectInputEvents = YES;
				INFOPLIST_KEY_UILaunchStoryboardName = LaunchScreen;
				INFOPLIST_KEY_UIMainStoryboardFile = Main;
				INFOPLIST_KEY_UISupportedInterfaceOrientations_iPad = "UIInterfaceOrientationPortrait UIInterfaceOrientationPortraitUpsideDown UIInterfaceOrientationLandscapeLeft UIInterfaceOrientationLandscapeRight";
				INFOPLIST_KEY_UISupportedInterfaceOrientations_iPhone = "UIInterfaceOrientationPortrait UIInterfaceOrientationLandscapeLeft UIInterfaceOrientationLandscapeRight";
				IPHONEOS_DEPLOYMENT_TARGET = 16.0;
				LD_RUNPATH_SEARCH_PATHS = (
					"$(inherited)",
					"@executable_path/Frameworks",
				);
				MARKETING_VERSION = 1.0;
				PRODUCT_BUNDLE_IDENTIFIER = srkimdev.iTunesSearch;
				PRODUCT_NAME = "$(TARGET_NAME)";
				SUPPORTED_PLATFORMS = "iphoneos iphonesimulator";
				SUPPORTS_MACCATALYST = NO;
				SUPPORTS_MAC_DESIGNED_FOR_IPHONE_IPAD = NO;
				SWIFT_EMIT_LOC_STRINGS = YES;
				SWIFT_VERSION = 5.0;
				TARGETED_DEVICE_FAMILY = 1;
			};
			name = Debug;
		};
		DC6C6D552C648D0A00694454 /* Release */ = {
			isa = XCBuildConfiguration;
			buildSettings = {
				ASSETCATALOG_COMPILER_APPICON_NAME = AppIcon;
				ASSETCATALOG_COMPILER_GLOBAL_ACCENT_COLOR_NAME = AccentColor;
				CODE_SIGN_STYLE = Automatic;
				CURRENT_PROJECT_VERSION = 1;
				DEVELOPMENT_TEAM = VC8Q8WBRQ3;
				GENERATE_INFOPLIST_FILE = YES;
				INFOPLIST_FILE = iTunesSearch/Info.plist;
				INFOPLIST_KEY_UIApplicationSupportsIndirectInputEvents = YES;
				INFOPLIST_KEY_UILaunchStoryboardName = LaunchScreen;
				INFOPLIST_KEY_UIMainStoryboardFile = Main;
				INFOPLIST_KEY_UISupportedInterfaceOrientations_iPad = "UIInterfaceOrientationPortrait UIInterfaceOrientationPortraitUpsideDown UIInterfaceOrientationLandscapeLeft UIInterfaceOrientationLandscapeRight";
				INFOPLIST_KEY_UISupportedInterfaceOrientations_iPhone = "UIInterfaceOrientationPortrait UIInterfaceOrientationLandscapeLeft UIInterfaceOrientationLandscapeRight";
				IPHONEOS_DEPLOYMENT_TARGET = 16.0;
				LD_RUNPATH_SEARCH_PATHS = (
					"$(inherited)",
					"@executable_path/Frameworks",
				);
				MARKETING_VERSION = 1.0;
				PRODUCT_BUNDLE_IDENTIFIER = srkimdev.iTunesSearch;
				PRODUCT_NAME = "$(TARGET_NAME)";
				SUPPORTED_PLATFORMS = "iphoneos iphonesimulator";
				SUPPORTS_MACCATALYST = NO;
				SUPPORTS_MAC_DESIGNED_FOR_IPHONE_IPAD = NO;
				SWIFT_EMIT_LOC_STRINGS = YES;
				SWIFT_VERSION = 5.0;
				TARGETED_DEVICE_FAMILY = 1;
			};
			name = Release;
		};
/* End XCBuildConfiguration section */

/* Begin XCConfigurationList section */
		DC6C6D3A2C648D0700694454 /* Build configuration list for PBXProject "iTunesSearch" */ = {
			isa = XCConfigurationList;
			buildConfigurations = (
				DC6C6D512C648D0A00694454 /* Debug */,
				DC6C6D522C648D0A00694454 /* Release */,
			);
			defaultConfigurationIsVisible = 0;
			defaultConfigurationName = Release;
		};
		DC6C6D532C648D0A00694454 /* Build configuration list for PBXNativeTarget "iTunesSearch" */ = {
			isa = XCConfigurationList;
			buildConfigurations = (
				DC6C6D542C648D0A00694454 /* Debug */,
				DC6C6D552C648D0A00694454 /* Release */,
			);
			defaultConfigurationIsVisible = 0;
			defaultConfigurationName = Release;
		};
/* End XCConfigurationList section */

/* Begin XCRemoteSwiftPackageReference section */
		DC6C6D592C648DEE00694454 /* XCRemoteSwiftPackageReference "RxSwift" */ = {
			isa = XCRemoteSwiftPackageReference;
			repositoryURL = "https://github.com/ReactiveX/RxSwift.git";
			requirement = {
				kind = upToNextMajorVersion;
				minimumVersion = 6.7.1;
			};
		};
		DC6C6D5E2C648DFB00694454 /* XCRemoteSwiftPackageReference "SnapKit" */ = {
			isa = XCRemoteSwiftPackageReference;
			repositoryURL = "https://github.com/SnapKit/SnapKit.git";
			requirement = {
				kind = upToNextMajorVersion;
				minimumVersion = 5.7.1;
			};
		};
		DC6C6D612C648E0900694454 /* XCRemoteSwiftPackageReference "Alamofire" */ = {
			isa = XCRemoteSwiftPackageReference;
			repositoryURL = "https://github.com/Alamofire/Alamofire.git";
			requirement = {
				kind = upToNextMajorVersion;
				minimumVersion = 5.9.1;
			};
		};
/* End XCRemoteSwiftPackageReference section */

/* Begin XCSwiftPackageProductDependency section */
		DC6C6D5A2C648DEE00694454 /* RxCocoa */ = {
			isa = XCSwiftPackageProductDependency;
			package = DC6C6D592C648DEE00694454 /* XCRemoteSwiftPackageReference "RxSwift" */;
			productName = RxCocoa;
		};
		DC6C6D5C2C648DEE00694454 /* RxSwift */ = {
			isa = XCSwiftPackageProductDependency;
			package = DC6C6D592C648DEE00694454 /* XCRemoteSwiftPackageReference "RxSwift" */;
			productName = RxSwift;
		};
		DC6C6D5F2C648DFB00694454 /* SnapKit */ = {
			isa = XCSwiftPackageProductDependency;
			package = DC6C6D5E2C648DFB00694454 /* XCRemoteSwiftPackageReference "SnapKit" */;
			productName = SnapKit;
		};
		DC6C6D622C648E0900694454 /* Alamofire */ = {
			isa = XCSwiftPackageProductDependency;
			package = DC6C6D612C648E0900694454 /* XCRemoteSwiftPackageReference "Alamofire" */;
			productName = Alamofire;
		};
/* End XCSwiftPackageProductDependency section */
	};
	rootObject = DC6C6D372C648D0700694454 /* Project object */;
}
