// !$*UTF8*$!
{
	archiveVersion = 1;
	classes = {
	};
	objectVersion = 56;
	objects = {

/* Begin PBXBuildFile section */
		DC051A292C7F742400F750A5 /* SimpleCollectionViewController.swift in Sources */ = {isa = PBXBuildFile; fileRef = DC051A282C7F742400F750A5 /* SimpleCollectionViewController.swift */; };
		DCAF984F2C4A2D7C00CE2197 /* AppDelegate.swift in Sources */ = {isa = PBXBuildFile; fileRef = DCAF984E2C4A2D7C00CE2197 /* AppDelegate.swift */; };
		DCAF98512C4A2D7C00CE2197 /* SceneDelegate.swift in Sources */ = {isa = PBXBuildFile; fileRef = DCAF98502C4A2D7C00CE2197 /* SceneDelegate.swift */; };
		DCAF98532C4A2D7C00CE2197 /* ViewController.swift in Sources */ = {isa = PBXBuildFile; fileRef = DCAF98522C4A2D7C00CE2197 /* ViewController.swift */; };
		DCAF98562C4A2D7C00CE2197 /* Main.storyboard in Resources */ = {isa = PBXBuildFile; fileRef = DCAF98542C4A2D7C00CE2197 /* Main.storyboard */; };
		DCAF98582C4A2D7E00CE2197 /* Assets.xcassets in Resources */ = {isa = PBXBuildFile; fileRef = DCAF98572C4A2D7E00CE2197 /* Assets.xcassets */; };
		DCAF985B2C4A2D7E00CE2197 /* LaunchScreen.storyboard in Resources */ = {isa = PBXBuildFile; fileRef = DCAF98592C4A2D7E00CE2197 /* LaunchScreen.storyboard */; };
		DCAF98632C4A2D9600CE2197 /* SettingViewController.swift in Sources */ = {isa = PBXBuildFile; fileRef = DCAF98622C4A2D9600CE2197 /* SettingViewController.swift */; };
		DCAF98662C4A2E5000CE2197 /* SnapKit in Frameworks */ = {isa = PBXBuildFile; productRef = DCAF98652C4A2E5000CE2197 /* SnapKit */; };
		DCBF1CF52C4D1E67000F89CF /* TravelTalkViewController.swift in Sources */ = {isa = PBXBuildFile; fileRef = DCBF1CF42C4D1E67000F89CF /* TravelTalkViewController.swift */; };
		DCBF1CF72C4D1ED2000F89CF /* ChattingData.swift in Sources */ = {isa = PBXBuildFile; fileRef = DCBF1CF62C4D1ED2000F89CF /* ChattingData.swift */; };
/* End PBXBuildFile section */

/* Begin PBXFileReference section */
		DC051A282C7F742400F750A5 /* SimpleCollectionViewController.swift */ = {isa = PBXFileReference; lastKnownFileType = sourcecode.swift; path = SimpleCollectionViewController.swift; sourceTree = "<group>"; };
		DCAF984B2C4A2D7C00CE2197 /* 0719_DiffableDataSource+ListConfiguration.app */ = {isa = PBXFileReference; explicitFileType = wrapper.application; includeInIndex = 0; path = "0719_DiffableDataSource+ListConfiguration.app"; sourceTree = BUILT_PRODUCTS_DIR; };
		DCAF984E2C4A2D7C00CE2197 /* AppDelegate.swift */ = {isa = PBXFileReference; lastKnownFileType = sourcecode.swift; path = AppDelegate.swift; sourceTree = "<group>"; };
		DCAF98502C4A2D7C00CE2197 /* SceneDelegate.swift */ = {isa = PBXFileReference; lastKnownFileType = sourcecode.swift; path = SceneDelegate.swift; sourceTree = "<group>"; };
		DCAF98522C4A2D7C00CE2197 /* ViewController.swift */ = {isa = PBXFileReference; lastKnownFileType = sourcecode.swift; path = ViewController.swift; sourceTree = "<group>"; };
		DCAF98552C4A2D7C00CE2197 /* Base */ = {isa = PBXFileReference; lastKnownFileType = file.storyboard; name = Base; path = Base.lproj/Main.storyboard; sourceTree = "<group>"; };
		DCAF98572C4A2D7E00CE2197 /* Assets.xcassets */ = {isa = PBXFileReference; lastKnownFileType = folder.assetcatalog; path = Assets.xcassets; sourceTree = "<group>"; };
		DCAF985A2C4A2D7E00CE2197 /* Base */ = {isa = PBXFileReference; lastKnownFileType = file.storyboard; name = Base; path = Base.lproj/LaunchScreen.storyboard; sourceTree = "<group>"; };
		DCAF985C2C4A2D7E00CE2197 /* Info.plist */ = {isa = PBXFileReference; lastKnownFileType = text.plist.xml; path = Info.plist; sourceTree = "<group>"; };
		DCAF98622C4A2D9600CE2197 /* SettingViewController.swift */ = {isa = PBXFileReference; lastKnownFileType = sourcecode.swift; path = SettingViewController.swift; sourceTree = "<group>"; };
		DCBF1CF42C4D1E67000F89CF /* TravelTalkViewController.swift */ = {isa = PBXFileReference; lastKnownFileType = sourcecode.swift; path = TravelTalkViewController.swift; sourceTree = "<group>"; };
		DCBF1CF62C4D1ED2000F89CF /* ChattingData.swift */ = {isa = PBXFileReference; lastKnownFileType = sourcecode.swift; path = ChattingData.swift; sourceTree = "<group>"; };
/* End PBXFileReference section */

/* Begin PBXFrameworksBuildPhase section */
		DCAF98482C4A2D7C00CE2197 /* Frameworks */ = {
			isa = PBXFrameworksBuildPhase;
			buildActionMask = 2147483647;
			files = (
				DCAF98662C4A2E5000CE2197 /* SnapKit in Frameworks */,
			);
			runOnlyForDeploymentPostprocessing = 0;
		};
/* End PBXFrameworksBuildPhase section */

/* Begin PBXGroup section */
		DCAF98422C4A2D7C00CE2197 = {
			isa = PBXGroup;
			children = (
				DCAF984D2C4A2D7C00CE2197 /* 0719_DiffableDataSource+ListConfiguration */,
				DCAF984C2C4A2D7C00CE2197 /* Products */,
			);
			sourceTree = "<group>";
		};
		DCAF984C2C4A2D7C00CE2197 /* Products */ = {
			isa = PBXGroup;
			children = (
				DCAF984B2C4A2D7C00CE2197 /* 0719_DiffableDataSource+ListConfiguration.app */,
			);
			name = Products;
			sourceTree = "<group>";
		};
		DCAF984D2C4A2D7C00CE2197 /* 0719_DiffableDataSource+ListConfiguration */ = {
			isa = PBXGroup;
			children = (
				DCAF984E2C4A2D7C00CE2197 /* AppDelegate.swift */,
				DCAF98502C4A2D7C00CE2197 /* SceneDelegate.swift */,
				DCAF98522C4A2D7C00CE2197 /* ViewController.swift */,
				DCAF98542C4A2D7C00CE2197 /* Main.storyboard */,
				DCAF98572C4A2D7E00CE2197 /* Assets.xcassets */,
				DCAF98592C4A2D7E00CE2197 /* LaunchScreen.storyboard */,
				DCAF985C2C4A2D7E00CE2197 /* Info.plist */,
				DCAF98622C4A2D9600CE2197 /* SettingViewController.swift */,
				DCBF1CF42C4D1E67000F89CF /* TravelTalkViewController.swift */,
				DCBF1CF62C4D1ED2000F89CF /* ChattingData.swift */,
				DC051A282C7F742400F750A5 /* SimpleCollectionViewController.swift */,
			);
			path = "0719_DiffableDataSource+ListConfiguration";
			sourceTree = "<group>";
		};
/* End PBXGroup section */

/* Begin PBXNativeTarget section */
		DCAF984A2C4A2D7C00CE2197 /* 0719_DiffableDataSource+ListConfiguration */ = {
			isa = PBXNativeTarget;
			buildConfigurationList = DCAF985F2C4A2D7E00CE2197 /* Build configuration list for PBXNativeTarget "0719_DiffableDataSource+ListConfiguration" */;
			buildPhases = (
				DCAF98472C4A2D7C00CE2197 /* Sources */,
				DCAF98482C4A2D7C00CE2197 /* Frameworks */,
				DCAF98492C4A2D7C00CE2197 /* Resources */,
			);
			buildRules = (
			);
			dependencies = (
			);
			name = "0719_DiffableDataSource+ListConfiguration";
			packageProductDependencies = (
				DCAF98652C4A2E5000CE2197 /* SnapKit */,
			);
			productName = "0719_DiffableDataSource+ListConfiguration";
			productReference = DCAF984B2C4A2D7C00CE2197 /* 0719_DiffableDataSource+ListConfiguration.app */;
			productType = "com.apple.product-type.application";
		};
/* End PBXNativeTarget section */

/* Begin PBXProject section */
		DCAF98432C4A2D7C00CE2197 /* Project object */ = {
			isa = PBXProject;
			attributes = {
				BuildIndependentTargetsInParallel = 1;
				LastSwiftUpdateCheck = 1500;
				LastUpgradeCheck = 1500;
				TargetAttributes = {
					DCAF984A2C4A2D7C00CE2197 = {
						CreatedOnToolsVersion = 15.0.1;
					};
				};
			};
			buildConfigurationList = DCAF98462C4A2D7C00CE2197 /* Build configuration list for PBXProject "0719_DiffableDataSource+ListConfiguration" */;
			compatibilityVersion = "Xcode 14.0";
			developmentRegion = en;
			hasScannedForEncodings = 0;
			knownRegions = (
				en,
				Base,
			);
			mainGroup = DCAF98422C4A2D7C00CE2197;
			packageReferences = (
				DCAF98642C4A2E5000CE2197 /* XCRemoteSwiftPackageReference "SnapKit" */,
			);
			productRefGroup = DCAF984C2C4A2D7C00CE2197 /* Products */;
			projectDirPath = "";
			projectRoot = "";
			targets = (
				DCAF984A2C4A2D7C00CE2197 /* 0719_DiffableDataSource+ListConfiguration */,
			);
		};
/* End PBXProject section */

/* Begin PBXResourcesBuildPhase section */
		DCAF98492C4A2D7C00CE2197 /* Resources */ = {
			isa = PBXResourcesBuildPhase;
			buildActionMask = 2147483647;
			files = (
				DCAF985B2C4A2D7E00CE2197 /* LaunchScreen.storyboard in Resources */,
				DCAF98582C4A2D7E00CE2197 /* Assets.xcassets in Resources */,
				DCAF98562C4A2D7C00CE2197 /* Main.storyboard in Resources */,
			);
			runOnlyForDeploymentPostprocessing = 0;
		};
/* End PBXResourcesBuildPhase section */

/* Begin PBXSourcesBuildPhase section */
		DCAF98472C4A2D7C00CE2197 /* Sources */ = {
			isa = PBXSourcesBuildPhase;
			buildActionMask = 2147483647;
			files = (
				DCAF98532C4A2D7C00CE2197 /* ViewController.swift in Sources */,
				DCBF1CF72C4D1ED2000F89CF /* ChattingData.swift in Sources */,
				DCAF984F2C4A2D7C00CE2197 /* AppDelegate.swift in Sources */,
				DCBF1CF52C4D1E67000F89CF /* TravelTalkViewController.swift in Sources */,
				DC051A292C7F742400F750A5 /* SimpleCollectionViewController.swift in Sources */,
				DCAF98512C4A2D7C00CE2197 /* SceneDelegate.swift in Sources */,
				DCAF98632C4A2D9600CE2197 /* SettingViewController.swift in Sources */,
			);
			runOnlyForDeploymentPostprocessing = 0;
		};
/* End PBXSourcesBuildPhase section */

/* Begin PBXVariantGroup section */
		DCAF98542C4A2D7C00CE2197 /* Main.storyboard */ = {
			isa = PBXVariantGroup;
			children = (
				DCAF98552C4A2D7C00CE2197 /* Base */,
			);
			name = Main.storyboard;
			sourceTree = "<group>";
		};
		DCAF98592C4A2D7E00CE2197 /* LaunchScreen.storyboard */ = {
			isa = PBXVariantGroup;
			children = (
				DCAF985A2C4A2D7E00CE2197 /* Base */,
			);
			name = LaunchScreen.storyboard;
			sourceTree = "<group>";
		};
/* End PBXVariantGroup section */

/* Begin XCBuildConfiguration section */
		DCAF985D2C4A2D7E00CE2197 /* Debug */ = {
			isa = XCBuildConfiguration;
			buildSettings = {
				ALWAYS_SEARCH_USER_PATHS = NO;
				ASSETCATALOG_COMPILER_GENERATE_SWIFT_ASSET_SYMBOL_EXTENSIONS = YES;
				CLANG_ANALYZER_NONNULL = YES;
				CLANG_ANALYZER_NUMBER_OBJECT_CONVERSION = YES_AGGRESSIVE;
				CLANG_CXX_LANGUAGE_STANDARD = "gnu++20";
				CLANG_ENABLE_MODULES = YES;
				CLANG_ENABLE_OBJC_ARC = YES;
				CLANG_ENABLE_OBJC_WEAK = YES;
				CLANG_WARN_BLOCK_CAPTURE_AUTORELEASING = YES;
				CLANG_WARN_BOOL_CONVERSION = YES;
				CLANG_WARN_COMMA = YES;
				CLANG_WARN_CONSTANT_CONVERSION = YES;
				CLANG_WARN_DEPRECATED_OBJC_IMPLEMENTATIONS = YES;
				CLANG_WARN_DIRECT_OBJC_ISA_USAGE = YES_ERROR;
				CLANG_WARN_DOCUMENTATION_COMMENTS = YES;
				CLANG_WARN_EMPTY_BODY = YES;
				CLANG_WARN_ENUM_CONVERSION = YES;
				CLANG_WARN_INFINITE_RECURSION = YES;
				CLANG_WARN_INT_CONVERSION = YES;
				CLANG_WARN_NON_LITERAL_NULL_CONVERSION = YES;
				CLANG_WARN_OBJC_IMPLICIT_RETAIN_SELF = YES;
				CLANG_WARN_OBJC_LITERAL_CONVERSION = YES;
				CLANG_WARN_OBJC_ROOT_CLASS = YES_ERROR;
				CLANG_WARN_QUOTED_INCLUDE_IN_FRAMEWORK_HEADER = YES;
				CLANG_WARN_RANGE_LOOP_ANALYSIS = YES;
				CLANG_WARN_STRICT_PROTOTYPES = YES;
				CLANG_WARN_SUSPICIOUS_MOVE = YES;
				CLANG_WARN_UNGUARDED_AVAILABILITY = YES_AGGRESSIVE;
				CLANG_WARN_UNREACHABLE_CODE = YES;
				CLANG_WARN__DUPLICATE_METHOD_MATCH = YES;
				COPY_PHASE_STRIP = NO;
				DEBUG_INFORMATION_FORMAT = dwarf;
				ENABLE_STRICT_OBJC_MSGSEND = YES;
				ENABLE_TESTABILITY = YES;
				ENABLE_USER_SCRIPT_SANDBOXING = YES;
				GCC_C_LANGUAGE_STANDARD = gnu17;
				GCC_DYNAMIC_NO_PIC = NO;
				GCC_NO_COMMON_BLOCKS = YES;
				GCC_OPTIMIZATION_LEVEL = 0;
				GCC_PREPROCESSOR_DEFINITIONS = (
					"DEBUG=1",
					"$(inherited)",
				);
				GCC_WARN_64_TO_32_BIT_CONVERSION = YES;
				GCC_WARN_ABOUT_RETURN_TYPE = YES_ERROR;
				GCC_WARN_UNDECLARED_SELECTOR = YES;
				GCC_WARN_UNINITIALIZED_AUTOS = YES_AGGRESSIVE;
				GCC_WARN_UNUSED_FUNCTION = YES;
				GCC_WARN_UNUSED_VARIABLE = YES;
				IPHONEOS_DEPLOYMENT_TARGET = 17.0;
				LOCALIZATION_PREFERS_STRING_CATALOGS = YES;
				MTL_ENABLE_DEBUG_INFO = INCLUDE_SOURCE;
				MTL_FAST_MATH = YES;
				ONLY_ACTIVE_ARCH = YES;
				SDKROOT = iphoneos;
				SWIFT_ACTIVE_COMPILATION_CONDITIONS = "DEBUG $(inherited)";
				SWIFT_OPTIMIZATION_LEVEL = "-Onone";
			};
			name = Debug;
		};
		DCAF985E2C4A2D7E00CE2197 /* Release */ = {
			isa = XCBuildConfiguration;
			buildSettings = {
				ALWAYS_SEARCH_USER_PATHS = NO;
				ASSETCATALOG_COMPILER_GENERATE_SWIFT_ASSET_SYMBOL_EXTENSIONS = YES;
				CLANG_ANALYZER_NONNULL = YES;
				CLANG_ANALYZER_NUMBER_OBJECT_CONVERSION = YES_AGGRESSIVE;
				CLANG_CXX_LANGUAGE_STANDARD = "gnu++20";
				CLANG_ENABLE_MODULES = YES;
				CLANG_ENABLE_OBJC_ARC = YES;
				CLANG_ENABLE_OBJC_WEAK = YES;
				CLANG_WARN_BLOCK_CAPTURE_AUTORELEASING = YES;
				CLANG_WARN_BOOL_CONVERSION = YES;
				CLANG_WARN_COMMA = YES;
				CLANG_WARN_CONSTANT_CONVERSION = YES;
				CLANG_WARN_DEPRECATED_OBJC_IMPLEMENTATIONS = YES;
				CLANG_WARN_DIRECT_OBJC_ISA_USAGE = YES_ERROR;
				CLANG_WARN_DOCUMENTATION_COMMENTS = YES;
				CLANG_WARN_EMPTY_BODY = YES;
				CLANG_WARN_ENUM_CONVERSION = YES;
				CLANG_WARN_INFINITE_RECURSION = YES;
				CLANG_WARN_INT_CONVERSION = YES;
				CLANG_WARN_NON_LITERAL_NULL_CONVERSION = YES;
				CLANG_WARN_OBJC_IMPLICIT_RETAIN_SELF = YES;
				CLANG_WARN_OBJC_LITERAL_CONVERSION = YES;
				CLANG_WARN_OBJC_ROOT_CLASS = YES_ERROR;
				CLANG_WARN_QUOTED_INCLUDE_IN_FRAMEWORK_HEADER = YES;
				CLANG_WARN_RANGE_LOOP_ANALYSIS = YES;
				CLANG_WARN_STRICT_PROTOTYPES = YES;
				CLANG_WARN_SUSPICIOUS_MOVE = YES;
				CLANG_WARN_UNGUARDED_AVAILABILITY = YES_AGGRESSIVE;
				CLANG_WARN_UNREACHABLE_CODE = YES;
				CLANG_WARN__DUPLICATE_METHOD_MATCH = YES;
				COPY_PHASE_STRIP = NO;
				DEBUG_INFORMATION_FORMAT = "dwarf-with-dsym";
				ENABLE_NS_ASSERTIONS = NO;
				ENABLE_STRICT_OBJC_MSGSEND = YES;
				ENABLE_USER_SCRIPT_SANDBOXING = YES;
				GCC_C_LANGUAGE_STANDARD = gnu17;
				GCC_NO_COMMON_BLOCKS = YES;
				GCC_WARN_64_TO_32_BIT_CONVERSION = YES;
				GCC_WARN_ABOUT_RETURN_TYPE = YES_ERROR;
				GCC_WARN_UNDECLARED_SELECTOR = YES;
				GCC_WARN_UNINITIALIZED_AUTOS = YES_AGGRESSIVE;
				GCC_WARN_UNUSED_FUNCTION = YES;
				GCC_WARN_UNUSED_VARIABLE = YES;
				IPHONEOS_DEPLOYMENT_TARGET = 17.0;
				LOCALIZATION_PREFERS_STRING_CATALOGS = YES;
				MTL_ENABLE_DEBUG_INFO = NO;
				MTL_FAST_MATH = YES;
				SDKROOT = iphoneos;
				SWIFT_COMPILATION_MODE = wholemodule;
				VALIDATE_PRODUCT = YES;
			};
			name = Release;
		};
		DCAF98602C4A2D7E00CE2197 /* Debug */ = {
			isa = XCBuildConfiguration;
			buildSettings = {
				ASSETCATALOG_COMPILER_APPICON_NAME = AppIcon;
				ASSETCATALOG_COMPILER_GLOBAL_ACCENT_COLOR_NAME = AccentColor;
				CODE_SIGN_STYLE = Automatic;
				CURRENT_PROJECT_VERSION = 1;
				DEVELOPMENT_TEAM = VC8Q8WBRQ3;
				GENERATE_INFOPLIST_FILE = YES;
				INFOPLIST_FILE = "0719_DiffableDataSource+ListConfiguration/Info.plist";
				INFOPLIST_KEY_UIApplicationSupportsIndirectInputEvents = YES;
				INFOPLIST_KEY_UILaunchStoryboardName = LaunchScreen;
				INFOPLIST_KEY_UIMainStoryboardFile = Main;
				INFOPLIST_KEY_UISupportedInterfaceOrientations = UIInterfaceOrientationPortrait;
				INFOPLIST_KEY_UISupportedInterfaceOrientations_iPad = "UIInterfaceOrientationLandscapeLeft UIInterfaceOrientationLandscapeRight UIInterfaceOrientationPortrait UIInterfaceOrientationPortraitUpsideDown";
				LD_RUNPATH_SEARCH_PATHS = (
					"$(inherited)",
					"@executable_path/Frameworks",
				);
				MARKETING_VERSION = 1.0;
				PRODUCT_BUNDLE_IDENTIFIER = "srkimdev.-719-DiffableDataSource-ListConfiguration";
				PRODUCT_NAME = "$(TARGET_NAME)";
				SUPPORTED_PLATFORMS = "iphoneos iphonesimulator";
				SUPPORTS_MACCATALYST = NO;
				SUPPORTS_MAC_DESIGNED_FOR_IPHONE_IPAD = NO;
				SWIFT_EMIT_LOC_STRINGS = YES;
				SWIFT_VERSION = 5.0;
				TARGETED_DEVICE_FAMILY = 1;
			};
			name = Debug;
		};
		DCAF98612C4A2D7E00CE2197 /* Release */ = {
			isa = XCBuildConfiguration;
			buildSettings = {
				ASSETCATALOG_COMPILER_APPICON_NAME = AppIcon;
				ASSETCATALOG_COMPILER_GLOBAL_ACCENT_COLOR_NAME = AccentColor;
				CODE_SIGN_STYLE = Automatic;
				CURRENT_PROJECT_VERSION = 1;
				DEVELOPMENT_TEAM = VC8Q8WBRQ3;
				GENERATE_INFOPLIST_FILE = YES;
				INFOPLIST_FILE = "0719_DiffableDataSource+ListConfiguration/Info.plist";
				INFOPLIST_KEY_UIApplicationSupportsIndirectInputEvents = YES;
				INFOPLIST_KEY_UILaunchStoryboardName = LaunchScreen;
				INFOPLIST_KEY_UIMainStoryboardFile = Main;
				INFOPLIST_KEY_UISupportedInterfaceOrientations = UIInterfaceOrientationPortrait;
				INFOPLIST_KEY_UISupportedInterfaceOrientations_iPad = "UIInterfaceOrientationLandscapeLeft UIInterfaceOrientationLandscapeRight UIInterfaceOrientationPortrait UIInterfaceOrientationPortraitUpsideDown";
				LD_RUNPATH_SEARCH_PATHS = (
					"$(inherited)",
					"@executable_path/Frameworks",
				);
				MARKETING_VERSION = 1.0;
				PRODUCT_BUNDLE_IDENTIFIER = "srkimdev.-719-DiffableDataSource-ListConfiguration";
				PRODUCT_NAME = "$(TARGET_NAME)";
				SUPPORTED_PLATFORMS = "iphoneos iphonesimulator";
				SUPPORTS_MACCATALYST = NO;
				SUPPORTS_MAC_DESIGNED_FOR_IPHONE_IPAD = NO;
				SWIFT_EMIT_LOC_STRINGS = YES;
				SWIFT_VERSION = 5.0;
				TARGETED_DEVICE_FAMILY = 1;
			};
			name = Release;
		};
/* End XCBuildConfiguration section */

/* Begin XCConfigurationList section */
		DCAF98462C4A2D7C00CE2197 /* Build configuration list for PBXProject "0719_DiffableDataSource+ListConfiguration" */ = {
			isa = XCConfigurationList;
			buildConfigurations = (
				DCAF985D2C4A2D7E00CE2197 /* Debug */,
				DCAF985E2C4A2D7E00CE2197 /* Release */,
			);
			defaultConfigurationIsVisible = 0;
			defaultConfigurationName = Release;
		};
		DCAF985F2C4A2D7E00CE2197 /* Build configuration list for PBXNativeTarget "0719_DiffableDataSource+ListConfiguration" */ = {
			isa = XCConfigurationList;
			buildConfigurations = (
				DCAF98602C4A2D7E00CE2197 /* Debug */,
				DCAF98612C4A2D7E00CE2197 /* Release */,
			);
			defaultConfigurationIsVisible = 0;
			defaultConfigurationName = Release;
		};
/* End XCConfigurationList section */

/* Begin XCRemoteSwiftPackageReference section */
		DCAF98642C4A2E5000CE2197 /* XCRemoteSwiftPackageReference "SnapKit" */ = {
			isa = XCRemoteSwiftPackageReference;
			repositoryURL = "https://github.com/SnapKit/SnapKit.git";
			requirement = {
				kind = upToNextMajorVersion;
				minimumVersion = 5.7.1;
			};
		};
/* End XCRemoteSwiftPackageReference section */

/* Begin XCSwiftPackageProductDependency section */
		DCAF98652C4A2E5000CE2197 /* SnapKit */ = {
			isa = XCSwiftPackageProductDependency;
			package = DCAF98642C4A2E5000CE2197 /* XCRemoteSwiftPackageReference "SnapKit" */;
			productName = SnapKit;
		};
/* End XCSwiftPackageProductDependency section */
	};
	rootObject = DCAF98432C4A2D7C00CE2197 /* Project object */;
}
