// !$*UTF8*$!
{
	archiveVersion = 1;
	classes = {
	};
	objectVersion = 56;
	objects = {

/* Begin PBXBuildFile section */
		DC0A19E52C00749100F56A97 /* AppDelegate.swift in Sources */ = {isa = PBXBuildFile; fileRef = DC0A19E42C00749100F56A97 /* AppDelegate.swift */; };
		DC0A19E72C00749100F56A97 /* SceneDelegate.swift in Sources */ = {isa = PBXBuildFile; fileRef = DC0A19E62C00749100F56A97 /* SceneDelegate.swift */; };
		DC0A19E92C00749100F56A97 /* ViewController.swift in Sources */ = {isa = PBXBuildFile; fileRef = DC0A19E82C00749100F56A97 /* ViewController.swift */; };
		DC0A19EC2C00749100F56A97 /* Main.storyboard in Resources */ = {isa = PBXBuildFile; fileRef = DC0A19EA2C00749100F56A97 /* Main.storyboard */; };
		DC0A19EE2C00749300F56A97 /* Assets.xcassets in Resources */ = {isa = PBXBuildFile; fileRef = DC0A19ED2C00749300F56A97 /* Assets.xcassets */; };
		DC0A19F12C00749300F56A97 /* LaunchScreen.storyboard in Resources */ = {isa = PBXBuildFile; fileRef = DC0A19EF2C00749300F56A97 /* LaunchScreen.storyboard */; };
		DC0A19F92C0075F500F56A97 /* MainTableViewController.swift in Sources */ = {isa = PBXBuildFile; fileRef = DC0A19F82C0075F500F56A97 /* MainTableViewController.swift */; };
		DC0A19FB2C0086D200F56A97 /* TodoTableViewCell.swift in Sources */ = {isa = PBXBuildFile; fileRef = DC0A19FA2C0086D200F56A97 /* TodoTableViewCell.swift */; };
/* End PBXBuildFile section */

/* Begin PBXFileReference section */
		DC0A19E12C00749100F56A97 /* 0524_Assignment_쇼핑 테이블뷰.app */ = {isa = PBXFileReference; explicitFileType = wrapper.application; includeInIndex = 0; path = "0524_Assignment_쇼핑 테이블뷰.app"; sourceTree = BUILT_PRODUCTS_DIR; };
		DC0A19E42C00749100F56A97 /* AppDelegate.swift */ = {isa = PBXFileReference; lastKnownFileType = sourcecode.swift; path = AppDelegate.swift; sourceTree = "<group>"; };
		DC0A19E62C00749100F56A97 /* SceneDelegate.swift */ = {isa = PBXFileReference; lastKnownFileType = sourcecode.swift; path = SceneDelegate.swift; sourceTree = "<group>"; };
		DC0A19E82C00749100F56A97 /* ViewController.swift */ = {isa = PBXFileReference; lastKnownFileType = sourcecode.swift; path = ViewController.swift; sourceTree = "<group>"; };
		DC0A19EB2C00749100F56A97 /* Base */ = {isa = PBXFileReference; lastKnownFileType = file.storyboard; name = Base; path = Base.lproj/Main.storyboard; sourceTree = "<group>"; };
		DC0A19ED2C00749300F56A97 /* Assets.xcassets */ = {isa = PBXFileReference; lastKnownFileType = folder.assetcatalog; path = Assets.xcassets; sourceTree = "<group>"; };
		DC0A19F02C00749300F56A97 /* Base */ = {isa = PBXFileReference; lastKnownFileType = file.storyboard; name = Base; path = Base.lproj/LaunchScreen.storyboard; sourceTree = "<group>"; };
		DC0A19F22C00749300F56A97 /* Info.plist */ = {isa = PBXFileReference; lastKnownFileType = text.plist.xml; path = Info.plist; sourceTree = "<group>"; };
		DC0A19F82C0075F500F56A97 /* MainTableViewController.swift */ = {isa = PBXFileReference; lastKnownFileType = sourcecode.swift; path = MainTableViewController.swift; sourceTree = "<group>"; };
		DC0A19FA2C0086D200F56A97 /* TodoTableViewCell.swift */ = {isa = PBXFileReference; lastKnownFileType = sourcecode.swift; path = TodoTableViewCell.swift; sourceTree = "<group>"; };
/* End PBXFileReference section */

/* Begin PBXFrameworksBuildPhase section */
		DC0A19DE2C00749100F56A97 /* Frameworks */ = {
			isa = PBXFrameworksBuildPhase;
			buildActionMask = 2147483647;
			files = (
			);
			runOnlyForDeploymentPostprocessing = 0;
		};
/* End PBXFrameworksBuildPhase section */

/* Begin PBXGroup section */
		DC0A19D82C00749100F56A97 = {
			isa = PBXGroup;
			children = (
				DC0A19E32C00749100F56A97 /* 0524_Assignment_쇼핑 테이블뷰 */,
				DC0A19E22C00749100F56A97 /* Products */,
			);
			sourceTree = "<group>";
		};
		DC0A19E22C00749100F56A97 /* Products */ = {
			isa = PBXGroup;
			children = (
				DC0A19E12C00749100F56A97 /* 0524_Assignment_쇼핑 테이블뷰.app */,
			);
			name = Products;
			sourceTree = "<group>";
		};
		DC0A19E32C00749100F56A97 /* 0524_Assignment_쇼핑 테이블뷰 */ = {
			isa = PBXGroup;
			children = (
				DC0A19E42C00749100F56A97 /* AppDelegate.swift */,
				DC0A19E62C00749100F56A97 /* SceneDelegate.swift */,
				DC0A19E82C00749100F56A97 /* ViewController.swift */,
				DC0A19EA2C00749100F56A97 /* Main.storyboard */,
				DC0A19FA2C0086D200F56A97 /* TodoTableViewCell.swift */,
				DC0A19F82C0075F500F56A97 /* MainTableViewController.swift */,
				DC0A19ED2C00749300F56A97 /* Assets.xcassets */,
				DC0A19EF2C00749300F56A97 /* LaunchScreen.storyboard */,
				DC0A19F22C00749300F56A97 /* Info.plist */,
			);
			path = "0524_Assignment_쇼핑 테이블뷰";
			sourceTree = "<group>";
		};
/* End PBXGroup section */

/* Begin PBXNativeTarget section */
		DC0A19E02C00749100F56A97 /* 0524_Assignment_쇼핑 테이블뷰 */ = {
			isa = PBXNativeTarget;
			buildConfigurationList = DC0A19F52C00749300F56A97 /* Build configuration list for PBXNativeTarget "0524_Assignment_쇼핑 테이블뷰" */;
			buildPhases = (
				DC0A19DD2C00749100F56A97 /* Sources */,
				DC0A19DE2C00749100F56A97 /* Frameworks */,
				DC0A19DF2C00749100F56A97 /* Resources */,
			);
			buildRules = (
			);
			dependencies = (
			);
			name = "0524_Assignment_쇼핑 테이블뷰";
			productName = "0524_Assignment_쇼핑 테이블뷰";
			productReference = DC0A19E12C00749100F56A97 /* 0524_Assignment_쇼핑 테이블뷰.app */;
			productType = "com.apple.product-type.application";
		};
/* End PBXNativeTarget section */

/* Begin PBXProject section */
		DC0A19D92C00749100F56A97 /* Project object */ = {
			isa = PBXProject;
			attributes = {
				BuildIndependentTargetsInParallel = 1;
				LastSwiftUpdateCheck = 1500;
				LastUpgradeCheck = 1500;
				TargetAttributes = {
					DC0A19E02C00749100F56A97 = {
						CreatedOnToolsVersion = 15.0.1;
					};
				};
			};
			buildConfigurationList = DC0A19DC2C00749100F56A97 /* Build configuration list for PBXProject "0524_Assignment_쇼핑 테이블뷰" */;
			compatibilityVersion = "Xcode 14.0";
			developmentRegion = en;
			hasScannedForEncodings = 0;
			knownRegions = (
				en,
				Base,
			);
			mainGroup = DC0A19D82C00749100F56A97;
			productRefGroup = DC0A19E22C00749100F56A97 /* Products */;
			projectDirPath = "";
			projectRoot = "";
			targets = (
				DC0A19E02C00749100F56A97 /* 0524_Assignment_쇼핑 테이블뷰 */,
			);
		};
/* End PBXProject section */

/* Begin PBXResourcesBuildPhase section */
		DC0A19DF2C00749100F56A97 /* Resources */ = {
			isa = PBXResourcesBuildPhase;
			buildActionMask = 2147483647;
			files = (
				DC0A19F12C00749300F56A97 /* LaunchScreen.storyboard in Resources */,
				DC0A19EE2C00749300F56A97 /* Assets.xcassets in Resources */,
				DC0A19EC2C00749100F56A97 /* Main.storyboard in Resources */,
			);
			runOnlyForDeploymentPostprocessing = 0;
		};
/* End PBXResourcesBuildPhase section */

/* Begin PBXSourcesBuildPhase section */
		DC0A19DD2C00749100F56A97 /* Sources */ = {
			isa = PBXSourcesBuildPhase;
			buildActionMask = 2147483647;
			files = (
				DC0A19F92C0075F500F56A97 /* MainTableViewController.swift in Sources */,
				DC0A19E92C00749100F56A97 /* ViewController.swift in Sources */,
				DC0A19E52C00749100F56A97 /* AppDelegate.swift in Sources */,
				DC0A19FB2C0086D200F56A97 /* TodoTableViewCell.swift in Sources */,
				DC0A19E72C00749100F56A97 /* SceneDelegate.swift in Sources */,
			);
			runOnlyForDeploymentPostprocessing = 0;
		};
/* End PBXSourcesBuildPhase section */

/* Begin PBXVariantGroup section */
		DC0A19EA2C00749100F56A97 /* Main.storyboard */ = {
			isa = PBXVariantGroup;
			children = (
				DC0A19EB2C00749100F56A97 /* Base */,
			);
			name = Main.storyboard;
			sourceTree = "<group>";
		};
		DC0A19EF2C00749300F56A97 /* LaunchScreen.storyboard */ = {
			isa = PBXVariantGroup;
			children = (
				DC0A19F02C00749300F56A97 /* Base */,
			);
			name = LaunchScreen.storyboard;
			sourceTree = "<group>";
		};
/* End PBXVariantGroup section */

/* Begin XCBuildConfiguration section */
		DC0A19F32C00749300F56A97 /* Debug */ = {
			isa = XCBuildConfiguration;
			buildSettings = {
				ALWAYS_SEARCH_USER_PATHS = NO;
				ASSETCATALOG_COMPILER_GENERATE_SWIFT_ASSET_SYMBOL_EXTENSIONS = YES;
				CLANG_ANALYZER_NONNULL = YES;
				CLANG_ANALYZER_NUMBER_OBJECT_CONVERSION = YES_AGGRESSIVE;
				CLANG_CXX_LANGUAGE_STANDARD = "gnu++20";
				CLANG_ENABLE_MODULES = YES;
				CLANG_ENABLE_OBJC_ARC = YES;
				CLANG_ENABLE_OBJC_WEAK = YES;
				CLANG_WARN_BLOCK_CAPTURE_AUTORELEASING = YES;
				CLANG_WARN_BOOL_CONVERSION = YES;
				CLANG_WARN_COMMA = YES;
				CLANG_WARN_CONSTANT_CONVERSION = YES;
				CLANG_WARN_DEPRECATED_OBJC_IMPLEMENTATIONS = YES;
				CLANG_WARN_DIRECT_OBJC_ISA_USAGE = YES_ERROR;
				CLANG_WARN_DOCUMENTATION_COMMENTS = YES;
				CLANG_WARN_EMPTY_BODY = YES;
				CLANG_WARN_ENUM_CONVERSION = YES;
				CLANG_WARN_INFINITE_RECURSION = YES;
				CLANG_WARN_INT_CONVERSION = YES;
				CLANG_WARN_NON_LITERAL_NULL_CONVERSION = YES;
				CLANG_WARN_OBJC_IMPLICIT_RETAIN_SELF = YES;
				CLANG_WARN_OBJC_LITERAL_CONVERSION = YES;
				CLANG_WARN_OBJC_ROOT_CLASS = YES_ERROR;
				CLANG_WARN_QUOTED_INCLUDE_IN_FRAMEWORK_HEADER = YES;
				CLANG_WARN_RANGE_LOOP_ANALYSIS = YES;
				CLANG_WARN_STRICT_PROTOTYPES = YES;
				CLANG_WARN_SUSPICIOUS_MOVE = YES;
				CLANG_WARN_UNGUARDED_AVAILABILITY = YES_AGGRESSIVE;
				CLANG_WARN_UNREACHABLE_CODE = YES;
				CLANG_WARN__DUPLICATE_METHOD_MATCH = YES;
				COPY_PHASE_STRIP = NO;
				DEBUG_INFORMATION_FORMAT = dwarf;
				ENABLE_STRICT_OBJC_MSGSEND = YES;
				ENABLE_TESTABILITY = YES;
				ENABLE_USER_SCRIPT_SANDBOXING = YES;
				GCC_C_LANGUAGE_STANDARD = gnu17;
				GCC_DYNAMIC_NO_PIC = NO;
				GCC_NO_COMMON_BLOCKS = YES;
				GCC_OPTIMIZATION_LEVEL = 0;
				GCC_PREPROCESSOR_DEFINITIONS = (
					"DEBUG=1",
					"$(inherited)",
				);
				GCC_WARN_64_TO_32_BIT_CONVERSION = YES;
				GCC_WARN_ABOUT_RETURN_TYPE = YES_ERROR;
				GCC_WARN_UNDECLARED_SELECTOR = YES;
				GCC_WARN_UNINITIALIZED_AUTOS = YES_AGGRESSIVE;
				GCC_WARN_UNUSED_FUNCTION = YES;
				GCC_WARN_UNUSED_VARIABLE = YES;
				IPHONEOS_DEPLOYMENT_TARGET = 17.0;
				LOCALIZATION_PREFERS_STRING_CATALOGS = YES;
				MTL_ENABLE_DEBUG_INFO = INCLUDE_SOURCE;
				MTL_FAST_MATH = YES;
				ONLY_ACTIVE_ARCH = YES;
				SDKROOT = iphoneos;
				SWIFT_ACTIVE_COMPILATION_CONDITIONS = "DEBUG $(inherited)";
				SWIFT_OPTIMIZATION_LEVEL = "-Onone";
			};
			name = Debug;
		};
		DC0A19F42C00749300F56A97 /* Release */ = {
			isa = XCBuildConfiguration;
			buildSettings = {
				ALWAYS_SEARCH_USER_PATHS = NO;
				ASSETCATALOG_COMPILER_GENERATE_SWIFT_ASSET_SYMBOL_EXTENSIONS = YES;
				CLANG_ANALYZER_NONNULL = YES;
				CLANG_ANALYZER_NUMBER_OBJECT_CONVERSION = YES_AGGRESSIVE;
				CLANG_CXX_LANGUAGE_STANDARD = "gnu++20";
				CLANG_ENABLE_MODULES = YES;
				CLANG_ENABLE_OBJC_ARC = YES;
				CLANG_ENABLE_OBJC_WEAK = YES;
				CLANG_WARN_BLOCK_CAPTURE_AUTORELEASING = YES;
				CLANG_WARN_BOOL_CONVERSION = YES;
				CLANG_WARN_COMMA = YES;
				CLANG_WARN_CONSTANT_CONVERSION = YES;
				CLANG_WARN_DEPRECATED_OBJC_IMPLEMENTATIONS = YES;
				CLANG_WARN_DIRECT_OBJC_ISA_USAGE = YES_ERROR;
				CLANG_WARN_DOCUMENTATION_COMMENTS = YES;
				CLANG_WARN_EMPTY_BODY = YES;
				CLANG_WARN_ENUM_CONVERSION = YES;
				CLANG_WARN_INFINITE_RECURSION = YES;
				CLANG_WARN_INT_CONVERSION = YES;
				CLANG_WARN_NON_LITERAL_NULL_CONVERSION = YES;
				CLANG_WARN_OBJC_IMPLICIT_RETAIN_SELF = YES;
				CLANG_WARN_OBJC_LITERAL_CONVERSION = YES;
				CLANG_WARN_OBJC_ROOT_CLASS = YES_ERROR;
				CLANG_WARN_QUOTED_INCLUDE_IN_FRAMEWORK_HEADER = YES;
				CLANG_WARN_RANGE_LOOP_ANALYSIS = YES;
				CLANG_WARN_STRICT_PROTOTYPES = YES;
				CLANG_WARN_SUSPICIOUS_MOVE = YES;
				CLANG_WARN_UNGUARDED_AVAILABILITY = YES_AGGRESSIVE;
				CLANG_WARN_UNREACHABLE_CODE = YES;
				CLANG_WARN__DUPLICATE_METHOD_MATCH = YES;
				COPY_PHASE_STRIP = NO;
				DEBUG_INFORMATION_FORMAT = "dwarf-with-dsym";
				ENABLE_NS_ASSERTIONS = NO;
				ENABLE_STRICT_OBJC_MSGSEND = YES;
				ENABLE_USER_SCRIPT_SANDBOXING = YES;
				GCC_C_LANGUAGE_STANDARD = gnu17;
				GCC_NO_COMMON_BLOCKS = YES;
				GCC_WARN_64_TO_32_BIT_CONVERSION = YES;
				GCC_WARN_ABOUT_RETURN_TYPE = YES_ERROR;
				GCC_WARN_UNDECLARED_SELECTOR = YES;
				GCC_WARN_UNINITIALIZED_AUTOS = YES_AGGRESSIVE;
				GCC_WARN_UNUSED_FUNCTION = YES;
				GCC_WARN_UNUSED_VARIABLE = YES;
				IPHONEOS_DEPLOYMENT_TARGET = 17.0;
				LOCALIZATION_PREFERS_STRING_CATALOGS = YES;
				MTL_ENABLE_DEBUG_INFO = NO;
				MTL_FAST_MATH = YES;
				SDKROOT = iphoneos;
				SWIFT_COMPILATION_MODE = wholemodule;
				VALIDATE_PRODUCT = YES;
			};
			name = Release;
		};
		DC0A19F62C00749300F56A97 /* Debug */ = {
			isa = XCBuildConfiguration;
			buildSettings = {
				ASSETCATALOG_COMPILER_APPICON_NAME = AppIcon;
				ASSETCATALOG_COMPILER_GLOBAL_ACCENT_COLOR_NAME = AccentColor;
				CODE_SIGN_STYLE = Automatic;
				CURRENT_PROJECT_VERSION = 1;
				DEVELOPMENT_TEAM = VC8Q8WBRQ3;
				GENERATE_INFOPLIST_FILE = YES;
				INFOPLIST_FILE = "0524_Assignment_쇼핑 테이블뷰/Info.plist";
				INFOPLIST_KEY_UIApplicationSupportsIndirectInputEvents = YES;
				INFOPLIST_KEY_UILaunchStoryboardName = LaunchScreen;
				INFOPLIST_KEY_UIMainStoryboardFile = Main;
				INFOPLIST_KEY_UISupportedInterfaceOrientations = UIInterfaceOrientationPortrait;
				INFOPLIST_KEY_UISupportedInterfaceOrientations_iPad = "UIInterfaceOrientationLandscapeLeft UIInterfaceOrientationLandscapeRight UIInterfaceOrientationPortrait UIInterfaceOrientationPortraitUpsideDown";
				IPHONEOS_DEPLOYMENT_TARGET = 16.0;
				LD_RUNPATH_SEARCH_PATHS = (
					"$(inherited)",
					"@executable_path/Frameworks",
				);
				MARKETING_VERSION = 1.0;
				PRODUCT_BUNDLE_IDENTIFIER = "srkimdev.-524-Assignment----------------";
				PRODUCT_NAME = "$(TARGET_NAME)";
				SUPPORTED_PLATFORMS = "iphoneos iphonesimulator";
				SUPPORTS_MACCATALYST = NO;
				SUPPORTS_MAC_DESIGNED_FOR_IPHONE_IPAD = NO;
				SWIFT_EMIT_LOC_STRINGS = YES;
				SWIFT_VERSION = 5.0;
				TARGETED_DEVICE_FAMILY = 1;
			};
			name = Debug;
		};
		DC0A19F72C00749300F56A97 /* Release */ = {
			isa = XCBuildConfiguration;
			buildSettings = {
				ASSETCATALOG_COMPILER_APPICON_NAME = AppIcon;
				ASSETCATALOG_COMPILER_GLOBAL_ACCENT_COLOR_NAME = AccentColor;
				CODE_SIGN_STYLE = Automatic;
				CURRENT_PROJECT_VERSION = 1;
				DEVELOPMENT_TEAM = VC8Q8WBRQ3;
				GENERATE_INFOPLIST_FILE = YES;
				INFOPLIST_FILE = "0524_Assignment_쇼핑 테이블뷰/Info.plist";
				INFOPLIST_KEY_UIApplicationSupportsIndirectInputEvents = YES;
				INFOPLIST_KEY_UILaunchStoryboardName = LaunchScreen;
				INFOPLIST_KEY_UIMainStoryboardFile = Main;
				INFOPLIST_KEY_UISupportedInterfaceOrientations = UIInterfaceOrientationPortrait;
				INFOPLIST_KEY_UISupportedInterfaceOrientations_iPad = "UIInterfaceOrientationLandscapeLeft UIInterfaceOrientationLandscapeRight UIInterfaceOrientationPortrait UIInterfaceOrientationPortraitUpsideDown";
				IPHONEOS_DEPLOYMENT_TARGET = 16.0;
				LD_RUNPATH_SEARCH_PATHS = (
					"$(inherited)",
					"@executable_path/Frameworks",
				);
				MARKETING_VERSION = 1.0;
				PRODUCT_BUNDLE_IDENTIFIER = "srkimdev.-524-Assignment----------------";
				PRODUCT_NAME = "$(TARGET_NAME)";
				SUPPORTED_PLATFORMS = "iphoneos iphonesimulator";
				SUPPORTS_MACCATALYST = NO;
				SUPPORTS_MAC_DESIGNED_FOR_IPHONE_IPAD = NO;
				SWIFT_EMIT_LOC_STRINGS = YES;
				SWIFT_VERSION = 5.0;
				TARGETED_DEVICE_FAMILY = 1;
			};
			name = Release;
		};
/* End XCBuildConfiguration section */

/* Begin XCConfigurationList section */
		DC0A19DC2C00749100F56A97 /* Build configuration list for PBXProject "0524_Assignment_쇼핑 테이블뷰" */ = {
			isa = XCConfigurationList;
			buildConfigurations = (
				DC0A19F32C00749300F56A97 /* Debug */,
				DC0A19F42C00749300F56A97 /* Release */,
			);
			defaultConfigurationIsVisible = 0;
			defaultConfigurationName = Release;
		};
		DC0A19F52C00749300F56A97 /* Build configuration list for PBXNativeTarget "0524_Assignment_쇼핑 테이블뷰" */ = {
			isa = XCConfigurationList;
			buildConfigurations = (
				DC0A19F62C00749300F56A97 /* Debug */,
				DC0A19F72C00749300F56A97 /* Release */,
			);
			defaultConfigurationIsVisible = 0;
			defaultConfigurationName = Release;
		};
/* End XCConfigurationList section */
	};
	rootObject = DC0A19D92C00749100F56A97 /* Project object */;
}
