// !$*UTF8*$!
{
	archiveVersion = 1;
	classes = {
	};
	objectVersion = 56;
	objects = {

/* Begin PBXBuildFile section */
		DC13CD682C5E2F8700652759 /* TodoViewController.swift in Sources */ = {isa = PBXBuildFile; fileRef = DC13CD672C5E2F8700652759 /* TodoViewController.swift */; };
		DC13CD6A2C5E2F9A00652759 /* TodoTableViewCell.swift in Sources */ = {isa = PBXBuildFile; fileRef = DC13CD692C5E2F9A00652759 /* TodoTableViewCell.swift */; };
		DC6E5F532C60A49500A7545F /* PasswordViewModel.swift in Sources */ = {isa = PBXBuildFile; fileRef = DC6E5F522C60A49500A7545F /* PasswordViewModel.swift */; };
		DC6E5F552C60AD5300A7545F /* PhoneViewModel.swift in Sources */ = {isa = PBXBuildFile; fileRef = DC6E5F542C60AD5300A7545F /* PhoneViewModel.swift */; };
		DC6E5F572C60B19E00A7545F /* BirthdayViewModel.swift in Sources */ = {isa = PBXBuildFile; fileRef = DC6E5F562C60B19E00A7545F /* BirthdayViewModel.swift */; };
		DC980C9C2C5A233F00B78345 /* SimplePickerViewExampleViewController.swift in Sources */ = {isa = PBXBuildFile; fileRef = DC980C9B2C5A233F00B78345 /* SimplePickerViewExampleViewController.swift */; };
		DC980C9E2C5A26E800B78345 /* NumbersViewController.swift in Sources */ = {isa = PBXBuildFile; fileRef = DC980C9D2C5A26E800B78345 /* NumbersViewController.swift */; };
		DC980CA02C5A298900B78345 /* SimpleTableViewExampleViewController.swift in Sources */ = {isa = PBXBuildFile; fileRef = DC980C9F2C5A298900B78345 /* SimpleTableViewExampleViewController.swift */; };
		DCA4B0BB2C58D39800D3A083 /* AppDelegate.swift in Sources */ = {isa = PBXBuildFile; fileRef = DCA4B0BA2C58D39800D3A083 /* AppDelegate.swift */; };
		DCA4B0BD2C58D39800D3A083 /* SceneDelegate.swift in Sources */ = {isa = PBXBuildFile; fileRef = DCA4B0BC2C58D39800D3A083 /* SceneDelegate.swift */; };
		DCA4B0BF2C58D39800D3A083 /* ViewController.swift in Sources */ = {isa = PBXBuildFile; fileRef = DCA4B0BE2C58D39800D3A083 /* ViewController.swift */; };
		DCA4B0C22C58D39800D3A083 /* Main.storyboard in Resources */ = {isa = PBXBuildFile; fileRef = DCA4B0C02C58D39800D3A083 /* Main.storyboard */; };
		DCA4B0C42C58D39B00D3A083 /* Assets.xcassets in Resources */ = {isa = PBXBuildFile; fileRef = DCA4B0C32C58D39B00D3A083 /* Assets.xcassets */; };
		DCA4B0C72C58D39B00D3A083 /* LaunchScreen.storyboard in Resources */ = {isa = PBXBuildFile; fileRef = DCA4B0C52C58D39B00D3A083 /* LaunchScreen.storyboard */; };
		DCA4B0D02C58D45B00D3A083 /* RxCocoa in Frameworks */ = {isa = PBXBuildFile; productRef = DCA4B0CF2C58D45B00D3A083 /* RxCocoa */; };
		DCA4B0D22C58D45B00D3A083 /* RxSwift in Frameworks */ = {isa = PBXBuildFile; productRef = DCA4B0D12C58D45B00D3A083 /* RxSwift */; };
		DCA4B0D52C58D95D00D3A083 /* SnapKit in Frameworks */ = {isa = PBXBuildFile; productRef = DCA4B0D42C58D95D00D3A083 /* SnapKit */; };
		DCA4B0D72C58DA0600D3A083 /* PickerViewController.swift in Sources */ = {isa = PBXBuildFile; fileRef = DCA4B0D62C58DA0600D3A083 /* PickerViewController.swift */; };
		DCA4B0D92C58DDF000D3A083 /* SetTableViewController.swift in Sources */ = {isa = PBXBuildFile; fileRef = DCA4B0D82C58DDF000D3A083 /* SetTableViewController.swift */; };
		DCA4B0DB2C58DF9A00D3A083 /* SwitchButtonViewController.swift in Sources */ = {isa = PBXBuildFile; fileRef = DCA4B0DA2C58DF9A00D3A083 /* SwitchButtonViewController.swift */; };
		DCA4B0DD2C58E4C200D3A083 /* ObservableExample.swift in Sources */ = {isa = PBXBuildFile; fileRef = DCA4B0DC2C58E4C200D3A083 /* ObservableExample.swift */; };
		DCB312642C5CC12000EE473E /* BirthdayViewController.swift in Sources */ = {isa = PBXBuildFile; fileRef = DCB312632C5CC12000EE473E /* BirthdayViewController.swift */; };
		DCE4C1F32C5CAF3C00B36D68 /* PasswordViewController.swift in Sources */ = {isa = PBXBuildFile; fileRef = DCE4C1F22C5CAF3C00B36D68 /* PasswordViewController.swift */; };
		DCE4C1F52C5CB56800B36D68 /* PhoneViewController.swift in Sources */ = {isa = PBXBuildFile; fileRef = DCE4C1F42C5CB56800B36D68 /* PhoneViewController.swift */; };
/* End PBXBuildFile section */

/* Begin PBXFileReference section */
		DC13CD672C5E2F8700652759 /* TodoViewController.swift */ = {isa = PBXFileReference; lastKnownFileType = sourcecode.swift; path = TodoViewController.swift; sourceTree = "<group>"; };
		DC13CD692C5E2F9A00652759 /* TodoTableViewCell.swift */ = {isa = PBXFileReference; lastKnownFileType = sourcecode.swift; path = TodoTableViewCell.swift; sourceTree = "<group>"; };
		DC6E5F522C60A49500A7545F /* PasswordViewModel.swift */ = {isa = PBXFileReference; lastKnownFileType = sourcecode.swift; path = PasswordViewModel.swift; sourceTree = "<group>"; };
		DC6E5F542C60AD5300A7545F /* PhoneViewModel.swift */ = {isa = PBXFileReference; lastKnownFileType = sourcecode.swift; path = PhoneViewModel.swift; sourceTree = "<group>"; };
		DC6E5F562C60B19E00A7545F /* BirthdayViewModel.swift */ = {isa = PBXFileReference; lastKnownFileType = sourcecode.swift; path = BirthdayViewModel.swift; sourceTree = "<group>"; };
		DC980C9B2C5A233F00B78345 /* SimplePickerViewExampleViewController.swift */ = {isa = PBXFileReference; lastKnownFileType = sourcecode.swift; path = SimplePickerViewExampleViewController.swift; sourceTree = "<group>"; };
		DC980C9D2C5A26E800B78345 /* NumbersViewController.swift */ = {isa = PBXFileReference; lastKnownFileType = sourcecode.swift; path = NumbersViewController.swift; sourceTree = "<group>"; };
		DC980C9F2C5A298900B78345 /* SimpleTableViewExampleViewController.swift */ = {isa = PBXFileReference; lastKnownFileType = sourcecode.swift; path = SimpleTableViewExampleViewController.swift; sourceTree = "<group>"; };
		DCA4B0B72C58D39800D3A083 /* 0730_RxSwift.app */ = {isa = PBXFileReference; explicitFileType = wrapper.application; includeInIndex = 0; path = 0730_RxSwift.app; sourceTree = BUILT_PRODUCTS_DIR; };
		DCA4B0BA2C58D39800D3A083 /* AppDelegate.swift */ = {isa = PBXFileReference; lastKnownFileType = sourcecode.swift; path = AppDelegate.swift; sourceTree = "<group>"; };
		DCA4B0BC2C58D39800D3A083 /* SceneDelegate.swift */ = {isa = PBXFileReference; lastKnownFileType = sourcecode.swift; path = SceneDelegate.swift; sourceTree = "<group>"; };
		DCA4B0BE2C58D39800D3A083 /* ViewController.swift */ = {isa = PBXFileReference; lastKnownFileType = sourcecode.swift; path = ViewController.swift; sourceTree = "<group>"; };
		DCA4B0C12C58D39800D3A083 /* Base */ = {isa = PBXFileReference; lastKnownFileType = file.storyboard; name = Base; path = Base.lproj/Main.storyboard; sourceTree = "<group>"; };
		DCA4B0C32C58D39B00D3A083 /* Assets.xcassets */ = {isa = PBXFileReference; lastKnownFileType = folder.assetcatalog; path = Assets.xcassets; sourceTree = "<group>"; };
		DCA4B0C62C58D39B00D3A083 /* Base */ = {isa = PBXFileReference; lastKnownFileType = file.storyboard; name = Base; path = Base.lproj/LaunchScreen.storyboard; sourceTree = "<group>"; };
		DCA4B0C82C58D39B00D3A083 /* Info.plist */ = {isa = PBXFileReference; lastKnownFileType = text.plist.xml; path = Info.plist; sourceTree = "<group>"; };
		DCA4B0D62C58DA0600D3A083 /* PickerViewController.swift */ = {isa = PBXFileReference; lastKnownFileType = sourcecode.swift; path = PickerViewController.swift; sourceTree = "<group>"; };
		DCA4B0D82C58DDF000D3A083 /* SetTableViewController.swift */ = {isa = PBXFileReference; lastKnownFileType = sourcecode.swift; path = SetTableViewController.swift; sourceTree = "<group>"; };
		DCA4B0DA2C58DF9A00D3A083 /* SwitchButtonViewController.swift */ = {isa = PBXFileReference; lastKnownFileType = sourcecode.swift; path = SwitchButtonViewController.swift; sourceTree = "<group>"; };
		DCA4B0DC2C58E4C200D3A083 /* ObservableExample.swift */ = {isa = PBXFileReference; lastKnownFileType = sourcecode.swift; path = ObservableExample.swift; sourceTree = "<group>"; };
		DCB312632C5CC12000EE473E /* BirthdayViewController.swift */ = {isa = PBXFileReference; lastKnownFileType = sourcecode.swift; path = BirthdayViewController.swift; sourceTree = "<group>"; };
		DCE4C1F22C5CAF3C00B36D68 /* PasswordViewController.swift */ = {isa = PBXFileReference; lastKnownFileType = sourcecode.swift; path = PasswordViewController.swift; sourceTree = "<group>"; };
		DCE4C1F42C5CB56800B36D68 /* PhoneViewController.swift */ = {isa = PBXFileReference; lastKnownFileType = sourcecode.swift; path = PhoneViewController.swift; sourceTree = "<group>"; };
/* End PBXFileReference section */

/* Begin PBXFrameworksBuildPhase section */
		DCA4B0B42C58D39800D3A083 /* Frameworks */ = {
			isa = PBXFrameworksBuildPhase;
			buildActionMask = 2147483647;
			files = (
				DCA4B0D52C58D95D00D3A083 /* SnapKit in Frameworks */,
				DCA4B0D22C58D45B00D3A083 /* RxSwift in Frameworks */,
				DCA4B0D02C58D45B00D3A083 /* RxCocoa in Frameworks */,
			);
			runOnlyForDeploymentPostprocessing = 0;
		};
/* End PBXFrameworksBuildPhase section */

/* Begin PBXGroup section */
		DC13CD662C5E2F3B00652759 /* SeSACRxThreads_Start */ = {
			isa = PBXGroup;
			children = (
				DC13CD672C5E2F8700652759 /* TodoViewController.swift */,
				DC13CD692C5E2F9A00652759 /* TodoTableViewCell.swift */,
			);
			path = SeSACRxThreads_Start;
			sourceTree = "<group>";
		};
		DC6E5F512C60A45B00A7545F /* 회원가입 */ = {
			isa = PBXGroup;
			children = (
				DCE4C1F22C5CAF3C00B36D68 /* PasswordViewController.swift */,
				DC6E5F522C60A49500A7545F /* PasswordViewModel.swift */,
				DCE4C1F42C5CB56800B36D68 /* PhoneViewController.swift */,
				DC6E5F542C60AD5300A7545F /* PhoneViewModel.swift */,
				DCB312632C5CC12000EE473E /* BirthdayViewController.swift */,
				DC6E5F562C60B19E00A7545F /* BirthdayViewModel.swift */,
			);
			name = "회원가입";
			path = "회원가입";
			sourceTree = "<group>";
		};
		DCA4B0AE2C58D39800D3A083 = {
			isa = PBXGroup;
			children = (
				DCA4B0B92C58D39800D3A083 /* 0730_RxSwift */,
				DCA4B0B82C58D39800D3A083 /* Products */,
			);
			sourceTree = "<group>";
		};
		DCA4B0B82C58D39800D3A083 /* Products */ = {
			isa = PBXGroup;
			children = (
				DCA4B0B72C58D39800D3A083 /* 0730_RxSwift.app */,
			);
			name = Products;
			sourceTree = "<group>";
		};
		DCA4B0B92C58D39800D3A083 /* 0730_RxSwift */ = {
			isa = PBXGroup;
			children = (
				DCA4B0BA2C58D39800D3A083 /* AppDelegate.swift */,
				DCA4B0BC2C58D39800D3A083 /* SceneDelegate.swift */,
				DCA4B0BE2C58D39800D3A083 /* ViewController.swift */,
				DCA4B0C02C58D39800D3A083 /* Main.storyboard */,
				DCA4B0C32C58D39B00D3A083 /* Assets.xcassets */,
				DCA4B0C52C58D39B00D3A083 /* LaunchScreen.storyboard */,
				DCA4B0C82C58D39B00D3A083 /* Info.plist */,
				DCA4B0D62C58DA0600D3A083 /* PickerViewController.swift */,
				DCA4B0D82C58DDF000D3A083 /* SetTableViewController.swift */,
				DCA4B0DA2C58DF9A00D3A083 /* SwitchButtonViewController.swift */,
				DCA4B0DC2C58E4C200D3A083 /* ObservableExample.swift */,
				DC980C9B2C5A233F00B78345 /* SimplePickerViewExampleViewController.swift */,
				DC980C9D2C5A26E800B78345 /* NumbersViewController.swift */,
				DC980C9F2C5A298900B78345 /* SimpleTableViewExampleViewController.swift */,
				DC6E5F512C60A45B00A7545F /* 회원가입 */,
				DC13CD662C5E2F3B00652759 /* SeSACRxThreads_Start */,
			);
			path = 0730_RxSwift;
			sourceTree = "<group>";
		};
/* End PBXGroup section */

/* Begin PBXNativeTarget section */
		DCA4B0B62C58D39800D3A083 /* 0730_RxSwift */ = {
			isa = PBXNativeTarget;
			buildConfigurationList = DCA4B0CB2C58D39B00D3A083 /* Build configuration list for PBXNativeTarget "0730_RxSwift" */;
			buildPhases = (
				DCA4B0B32C58D39800D3A083 /* Sources */,
				DCA4B0B42C58D39800D3A083 /* Frameworks */,
				DCA4B0B52C58D39800D3A083 /* Resources */,
			);
			buildRules = (
			);
			dependencies = (
			);
			name = 0730_RxSwift;
			packageProductDependencies = (
				DCA4B0CF2C58D45B00D3A083 /* RxCocoa */,
				DCA4B0D12C58D45B00D3A083 /* RxSwift */,
				DCA4B0D42C58D95D00D3A083 /* SnapKit */,
			);
			productName = 0730_RxSwift;
			productReference = DCA4B0B72C58D39800D3A083 /* 0730_RxSwift.app */;
			productType = "com.apple.product-type.application";
		};
/* End PBXNativeTarget section */

/* Begin PBXProject section */
		DCA4B0AF2C58D39800D3A083 /* Project object */ = {
			isa = PBXProject;
			attributes = {
				BuildIndependentTargetsInParallel = 1;
				LastSwiftUpdateCheck = 1500;
				LastUpgradeCheck = 1500;
				TargetAttributes = {
					DCA4B0B62C58D39800D3A083 = {
						CreatedOnToolsVersion = 15.0.1;
					};
				};
			};
			buildConfigurationList = DCA4B0B22C58D39800D3A083 /* Build configuration list for PBXProject "0730_RxSwift" */;
			compatibilityVersion = "Xcode 14.0";
			developmentRegion = en;
			hasScannedForEncodings = 0;
			knownRegions = (
				en,
				Base,
			);
			mainGroup = DCA4B0AE2C58D39800D3A083;
			packageReferences = (
				DCA4B0CE2C58D45B00D3A083 /* XCRemoteSwiftPackageReference "RxSwift" */,
				DCA4B0D32C58D95D00D3A083 /* XCRemoteSwiftPackageReference "SnapKit" */,
			);
			productRefGroup = DCA4B0B82C58D39800D3A083 /* Products */;
			projectDirPath = "";
			projectRoot = "";
			targets = (
				DCA4B0B62C58D39800D3A083 /* 0730_RxSwift */,
			);
		};
/* End PBXProject section */

/* Begin PBXResourcesBuildPhase section */
		DCA4B0B52C58D39800D3A083 /* Resources */ = {
			isa = PBXResourcesBuildPhase;
			buildActionMask = 2147483647;
			files = (
				DCA4B0C72C58D39B00D3A083 /* LaunchScreen.storyboard in Resources */,
				DCA4B0C42C58D39B00D3A083 /* Assets.xcassets in Resources */,
				DCA4B0C22C58D39800D3A083 /* Main.storyboard in Resources */,
			);
			runOnlyForDeploymentPostprocessing = 0;
		};
/* End PBXResourcesBuildPhase section */

/* Begin PBXSourcesBuildPhase section */
		DCA4B0B32C58D39800D3A083 /* Sources */ = {
			isa = PBXSourcesBuildPhase;
			buildActionMask = 2147483647;
			files = (
				DC980C9E2C5A26E800B78345 /* NumbersViewController.swift in Sources */,
				DC6E5F552C60AD5300A7545F /* PhoneViewModel.swift in Sources */,
				DC6E5F532C60A49500A7545F /* PasswordViewModel.swift in Sources */,
				DCA4B0DD2C58E4C200D3A083 /* ObservableExample.swift in Sources */,
				DC13CD682C5E2F8700652759 /* TodoViewController.swift in Sources */,
				DC13CD6A2C5E2F9A00652759 /* TodoTableViewCell.swift in Sources */,
				DCA4B0BF2C58D39800D3A083 /* ViewController.swift in Sources */,
				DCB312642C5CC12000EE473E /* BirthdayViewController.swift in Sources */,
				DCE4C1F32C5CAF3C00B36D68 /* PasswordViewController.swift in Sources */,
				DCA4B0BB2C58D39800D3A083 /* AppDelegate.swift in Sources */,
				DCA4B0DB2C58DF9A00D3A083 /* SwitchButtonViewController.swift in Sources */,
				DC980C9C2C5A233F00B78345 /* SimplePickerViewExampleViewController.swift in Sources */,
				DCA4B0D72C58DA0600D3A083 /* PickerViewController.swift in Sources */,
				DCA4B0D92C58DDF000D3A083 /* SetTableViewController.swift in Sources */,
				DCE4C1F52C5CB56800B36D68 /* PhoneViewController.swift in Sources */,
				DC6E5F572C60B19E00A7545F /* BirthdayViewModel.swift in Sources */,
				DCA4B0BD2C58D39800D3A083 /* SceneDelegate.swift in Sources */,
				DC980CA02C5A298900B78345 /* SimpleTableViewExampleViewController.swift in Sources */,
			);
			runOnlyForDeploymentPostprocessing = 0;
		};
/* End PBXSourcesBuildPhase section */

/* Begin PBXVariantGroup section */
		DCA4B0C02C58D39800D3A083 /* Main.storyboard */ = {
			isa = PBXVariantGroup;
			children = (
				DCA4B0C12C58D39800D3A083 /* Base */,
			);
			name = Main.storyboard;
			sourceTree = "<group>";
		};
		DCA4B0C52C58D39B00D3A083 /* LaunchScreen.storyboard */ = {
			isa = PBXVariantGroup;
			children = (
				DCA4B0C62C58D39B00D3A083 /* Base */,
			);
			name = LaunchScreen.storyboard;
			sourceTree = "<group>";
		};
/* End PBXVariantGroup section */

/* Begin XCBuildConfiguration section */
		DCA4B0C92C58D39B00D3A083 /* Debug */ = {
			isa = XCBuildConfiguration;
			buildSettings = {
				ALWAYS_SEARCH_USER_PATHS = NO;
				ASSETCATALOG_COMPILER_GENERATE_SWIFT_ASSET_SYMBOL_EXTENSIONS = YES;
				CLANG_ANALYZER_NONNULL = YES;
				CLANG_ANALYZER_NUMBER_OBJECT_CONVERSION = YES_AGGRESSIVE;
				CLANG_CXX_LANGUAGE_STANDARD = "gnu++20";
				CLANG_ENABLE_MODULES = YES;
				CLANG_ENABLE_OBJC_ARC = YES;
				CLANG_ENABLE_OBJC_WEAK = YES;
				CLANG_WARN_BLOCK_CAPTURE_AUTORELEASING = YES;
				CLANG_WARN_BOOL_CONVERSION = YES;
				CLANG_WARN_COMMA = YES;
				CLANG_WARN_CONSTANT_CONVERSION = YES;
				CLANG_WARN_DEPRECATED_OBJC_IMPLEMENTATIONS = YES;
				CLANG_WARN_DIRECT_OBJC_ISA_USAGE = YES_ERROR;
				CLANG_WARN_DOCUMENTATION_COMMENTS = YES;
				CLANG_WARN_EMPTY_BODY = YES;
				CLANG_WARN_ENUM_CONVERSION = YES;
				CLANG_WARN_INFINITE_RECURSION = YES;
				CLANG_WARN_INT_CONVERSION = YES;
				CLANG_WARN_NON_LITERAL_NULL_CONVERSION = YES;
				CLANG_WARN_OBJC_IMPLICIT_RETAIN_SELF = YES;
				CLANG_WARN_OBJC_LITERAL_CONVERSION = YES;
				CLANG_WARN_OBJC_ROOT_CLASS = YES_ERROR;
				CLANG_WARN_QUOTED_INCLUDE_IN_FRAMEWORK_HEADER = YES;
				CLANG_WARN_RANGE_LOOP_ANALYSIS = YES;
				CLANG_WARN_STRICT_PROTOTYPES = YES;
				CLANG_WARN_SUSPICIOUS_MOVE = YES;
				CLANG_WARN_UNGUARDED_AVAILABILITY = YES_AGGRESSIVE;
				CLANG_WARN_UNREACHABLE_CODE = YES;
				CLANG_WARN__DUPLICATE_METHOD_MATCH = YES;
				COPY_PHASE_STRIP = NO;
				DEBUG_INFORMATION_FORMAT = dwarf;
				ENABLE_STRICT_OBJC_MSGSEND = YES;
				ENABLE_TESTABILITY = YES;
				ENABLE_USER_SCRIPT_SANDBOXING = YES;
				GCC_C_LANGUAGE_STANDARD = gnu17;
				GCC_DYNAMIC_NO_PIC = NO;
				GCC_NO_COMMON_BLOCKS = YES;
				GCC_OPTIMIZATION_LEVEL = 0;
				GCC_PREPROCESSOR_DEFINITIONS = (
					"DEBUG=1",
					"$(inherited)",
				);
				GCC_WARN_64_TO_32_BIT_CONVERSION = YES;
				GCC_WARN_ABOUT_RETURN_TYPE = YES_ERROR;
				GCC_WARN_UNDECLARED_SELECTOR = YES;
				GCC_WARN_UNINITIALIZED_AUTOS = YES_AGGRESSIVE;
				GCC_WARN_UNUSED_FUNCTION = YES;
				GCC_WARN_UNUSED_VARIABLE = YES;
				IPHONEOS_DEPLOYMENT_TARGET = 17.0;
				LOCALIZATION_PREFERS_STRING_CATALOGS = YES;
				MTL_ENABLE_DEBUG_INFO = INCLUDE_SOURCE;
				MTL_FAST_MATH = YES;
				ONLY_ACTIVE_ARCH = YES;
				SDKROOT = iphoneos;
				SWIFT_ACTIVE_COMPILATION_CONDITIONS = "DEBUG $(inherited)";
				SWIFT_OPTIMIZATION_LEVEL = "-Onone";
			};
			name = Debug;
		};
		DCA4B0CA2C58D39B00D3A083 /* Release */ = {
			isa = XCBuildConfiguration;
			buildSettings = {
				ALWAYS_SEARCH_USER_PATHS = NO;
				ASSETCATALOG_COMPILER_GENERATE_SWIFT_ASSET_SYMBOL_EXTENSIONS = YES;
				CLANG_ANALYZER_NONNULL = YES;
				CLANG_ANALYZER_NUMBER_OBJECT_CONVERSION = YES_AGGRESSIVE;
				CLANG_CXX_LANGUAGE_STANDARD = "gnu++20";
				CLANG_ENABLE_MODULES = YES;
				CLANG_ENABLE_OBJC_ARC = YES;
				CLANG_ENABLE_OBJC_WEAK = YES;
				CLANG_WARN_BLOCK_CAPTURE_AUTORELEASING = YES;
				CLANG_WARN_BOOL_CONVERSION = YES;
				CLANG_WARN_COMMA = YES;
				CLANG_WARN_CONSTANT_CONVERSION = YES;
				CLANG_WARN_DEPRECATED_OBJC_IMPLEMENTATIONS = YES;
				CLANG_WARN_DIRECT_OBJC_ISA_USAGE = YES_ERROR;
				CLANG_WARN_DOCUMENTATION_COMMENTS = YES;
				CLANG_WARN_EMPTY_BODY = YES;
				CLANG_WARN_ENUM_CONVERSION = YES;
				CLANG_WARN_INFINITE_RECURSION = YES;
				CLANG_WARN_INT_CONVERSION = YES;
				CLANG_WARN_NON_LITERAL_NULL_CONVERSION = YES;
				CLANG_WARN_OBJC_IMPLICIT_RETAIN_SELF = YES;
				CLANG_WARN_OBJC_LITERAL_CONVERSION = YES;
				CLANG_WARN_OBJC_ROOT_CLASS = YES_ERROR;
				CLANG_WARN_QUOTED_INCLUDE_IN_FRAMEWORK_HEADER = YES;
				CLANG_WARN_RANGE_LOOP_ANALYSIS = YES;
				CLANG_WARN_STRICT_PROTOTYPES = YES;
				CLANG_WARN_SUSPICIOUS_MOVE = YES;
				CLANG_WARN_UNGUARDED_AVAILABILITY = YES_AGGRESSIVE;
				CLANG_WARN_UNREACHABLE_CODE = YES;
				CLANG_WARN__DUPLICATE_METHOD_MATCH = YES;
				COPY_PHASE_STRIP = NO;
				DEBUG_INFORMATION_FORMAT = "dwarf-with-dsym";
				ENABLE_NS_ASSERTIONS = NO;
				ENABLE_STRICT_OBJC_MSGSEND = YES;
				ENABLE_USER_SCRIPT_SANDBOXING = YES;
				GCC_C_LANGUAGE_STANDARD = gnu17;
				GCC_NO_COMMON_BLOCKS = YES;
				GCC_WARN_64_TO_32_BIT_CONVERSION = YES;
				GCC_WARN_ABOUT_RETURN_TYPE = YES_ERROR;
				GCC_WARN_UNDECLARED_SELECTOR = YES;
				GCC_WARN_UNINITIALIZED_AUTOS = YES_AGGRESSIVE;
				GCC_WARN_UNUSED_FUNCTION = YES;
				GCC_WARN_UNUSED_VARIABLE = YES;
				IPHONEOS_DEPLOYMENT_TARGET = 17.0;
				LOCALIZATION_PREFERS_STRING_CATALOGS = YES;
				MTL_ENABLE_DEBUG_INFO = NO;
				MTL_FAST_MATH = YES;
				SDKROOT = iphoneos;
				SWIFT_COMPILATION_MODE = wholemodule;
				VALIDATE_PRODUCT = YES;
			};
			name = Release;
		};
		DCA4B0CC2C58D39B00D3A083 /* Debug */ = {
			isa = XCBuildConfiguration;
			buildSettings = {
				ASSETCATALOG_COMPILER_APPICON_NAME = AppIcon;
				ASSETCATALOG_COMPILER_GLOBAL_ACCENT_COLOR_NAME = AccentColor;
				CODE_SIGN_STYLE = Automatic;
				CURRENT_PROJECT_VERSION = 1;
				DEVELOPMENT_TEAM = VC8Q8WBRQ3;
				GENERATE_INFOPLIST_FILE = YES;
				INFOPLIST_FILE = 0730_RxSwift/Info.plist;
				INFOPLIST_KEY_UIApplicationSupportsIndirectInputEvents = YES;
				INFOPLIST_KEY_UILaunchStoryboardName = LaunchScreen;
				INFOPLIST_KEY_UIMainStoryboardFile = Main;
				INFOPLIST_KEY_UISupportedInterfaceOrientations_iPad = "UIInterfaceOrientationPortrait UIInterfaceOrientationPortraitUpsideDown UIInterfaceOrientationLandscapeLeft UIInterfaceOrientationLandscapeRight";
				INFOPLIST_KEY_UISupportedInterfaceOrientations_iPhone = "UIInterfaceOrientationPortrait UIInterfaceOrientationLandscapeLeft UIInterfaceOrientationLandscapeRight";
				LD_RUNPATH_SEARCH_PATHS = (
					"$(inherited)",
					"@executable_path/Frameworks",
				);
				MARKETING_VERSION = 1.0;
				PRODUCT_BUNDLE_IDENTIFIER = "srkimdev.-730-RxSwift";
				PRODUCT_NAME = "$(TARGET_NAME)";
				SWIFT_EMIT_LOC_STRINGS = YES;
				SWIFT_VERSION = 5.0;
				TARGETED_DEVICE_FAMILY = "1,2";
			};
			name = Debug;
		};
		DCA4B0CD2C58D39B00D3A083 /* Release */ = {
			isa = XCBuildConfiguration;
			buildSettings = {
				ASSETCATALOG_COMPILER_APPICON_NAME = AppIcon;
				ASSETCATALOG_COMPILER_GLOBAL_ACCENT_COLOR_NAME = AccentColor;
				CODE_SIGN_STYLE = Automatic;
				CURRENT_PROJECT_VERSION = 1;
				DEVELOPMENT_TEAM = VC8Q8WBRQ3;
				GENERATE_INFOPLIST_FILE = YES;
				INFOPLIST_FILE = 0730_RxSwift/Info.plist;
				INFOPLIST_KEY_UIApplicationSupportsIndirectInputEvents = YES;
				INFOPLIST_KEY_UILaunchStoryboardName = LaunchScreen;
				INFOPLIST_KEY_UIMainStoryboardFile = Main;
				INFOPLIST_KEY_UISupportedInterfaceOrientations_iPad = "UIInterfaceOrientationPortrait UIInterfaceOrientationPortraitUpsideDown UIInterfaceOrientationLandscapeLeft UIInterfaceOrientationLandscapeRight";
				INFOPLIST_KEY_UISupportedInterfaceOrientations_iPhone = "UIInterfaceOrientationPortrait UIInterfaceOrientationLandscapeLeft UIInterfaceOrientationLandscapeRight";
				LD_RUNPATH_SEARCH_PATHS = (
					"$(inherited)",
					"@executable_path/Frameworks",
				);
				MARKETING_VERSION = 1.0;
				PRODUCT_BUNDLE_IDENTIFIER = "srkimdev.-730-RxSwift";
				PRODUCT_NAME = "$(TARGET_NAME)";
				SWIFT_EMIT_LOC_STRINGS = YES;
				SWIFT_VERSION = 5.0;
				TARGETED_DEVICE_FAMILY = "1,2";
			};
			name = Release;
		};
/* End XCBuildConfiguration section */

/* Begin XCConfigurationList section */
		DCA4B0B22C58D39800D3A083 /* Build configuration list for PBXProject "0730_RxSwift" */ = {
			isa = XCConfigurationList;
			buildConfigurations = (
				DCA4B0C92C58D39B00D3A083 /* Debug */,
				DCA4B0CA2C58D39B00D3A083 /* Release */,
			);
			defaultConfigurationIsVisible = 0;
			defaultConfigurationName = Release;
		};
		DCA4B0CB2C58D39B00D3A083 /* Build configuration list for PBXNativeTarget "0730_RxSwift" */ = {
			isa = XCConfigurationList;
			buildConfigurations = (
				DCA4B0CC2C58D39B00D3A083 /* Debug */,
				DCA4B0CD2C58D39B00D3A083 /* Release */,
			);
			defaultConfigurationIsVisible = 0;
			defaultConfigurationName = Release;
		};
/* End XCConfigurationList section */

/* Begin XCRemoteSwiftPackageReference section */
		DCA4B0CE2C58D45B00D3A083 /* XCRemoteSwiftPackageReference "RxSwift" */ = {
			isa = XCRemoteSwiftPackageReference;
			repositoryURL = "https://github.com/ReactiveX/RxSwift.git";
			requirement = {
				kind = upToNextMajorVersion;
				minimumVersion = 6.7.1;
			};
		};
		DCA4B0D32C58D95D00D3A083 /* XCRemoteSwiftPackageReference "SnapKit" */ = {
			isa = XCRemoteSwiftPackageReference;
			repositoryURL = "https://github.com/SnapKit/SnapKit.git";
			requirement = {
				kind = upToNextMajorVersion;
				minimumVersion = 5.7.1;
			};
		};
/* End XCRemoteSwiftPackageReference section */

/* Begin XCSwiftPackageProductDependency section */
		DCA4B0CF2C58D45B00D3A083 /* RxCocoa */ = {
			isa = XCSwiftPackageProductDependency;
			package = DCA4B0CE2C58D45B00D3A083 /* XCRemoteSwiftPackageReference "RxSwift" */;
			productName = RxCocoa;
		};
		DCA4B0D12C58D45B00D3A083 /* RxSwift */ = {
			isa = XCSwiftPackageProductDependency;
			package = DCA4B0CE2C58D45B00D3A083 /* XCRemoteSwiftPackageReference "RxSwift" */;
			productName = RxSwift;
		};
		DCA4B0D42C58D95D00D3A083 /* SnapKit */ = {
			isa = XCSwiftPackageProductDependency;
			package = DCA4B0D32C58D95D00D3A083 /* XCRemoteSwiftPackageReference "SnapKit" */;
			productName = SnapKit;
		};
/* End XCSwiftPackageProductDependency section */
	};
	rootObject = DCA4B0AF2C58D39800D3A083 /* Project object */;
}
