// !$*UTF8*$!
{
	archiveVersion = 1;
	classes = {
	};
	objectVersion = 56;
	objects = {

/* Begin PBXBuildFile section */
		DCC7E7CC2C8DB8C000CDFB6A /* CoinAppApp.swift in Sources */ = {isa = PBXBuildFile; fileRef = DCC7E7CB2C8DB8C000CDFB6A /* CoinAppApp.swift */; };
		DCC7E7CE2C8DB8C000CDFB6A /* ContentView.swift in Sources */ = {isa = PBXBuildFile; fileRef = DCC7E7CD2C8DB8C000CDFB6A /* ContentView.swift */; };
		DCC7E7D02C8DB8C100CDFB6A /* Assets.xcassets in Resources */ = {isa = PBXBuildFile; fileRef = DCC7E7CF2C8DB8C100CDFB6A /* Assets.xcassets */; };
		DCC7E7D32C8DB8C100CDFB6A /* Preview Assets.xcassets in Resources */ = {isa = PBXBuildFile; fileRef = DCC7E7D22C8DB8C100CDFB6A /* Preview Assets.xcassets */; };
		DCC7E7DB2C8DB8EF00CDFB6A /* CoinSearchView.swift in Sources */ = {isa = PBXBuildFile; fileRef = DCC7E7DA2C8DB8EF00CDFB6A /* CoinSearchView.swift */; };
		DCC7E7E02C8DBDA500CDFB6A /* CoinSearchModel.swift in Sources */ = {isa = PBXBuildFile; fileRef = DCC7E7DF2C8DBDA500CDFB6A /* CoinSearchModel.swift */; };
		DCC7E7E32C8DBE4200CDFB6A /* NetworkManager.swift in Sources */ = {isa = PBXBuildFile; fileRef = DCC7E7E22C8DBE4200CDFB6A /* NetworkManager.swift */; };
		DCC7E7E62C8DBE9C00CDFB6A /* Kingfisher in Frameworks */ = {isa = PBXBuildFile; productRef = DCC7E7E52C8DBE9C00CDFB6A /* Kingfisher */; };
		DCC7E7E92C8DBEAB00CDFB6A /* Alamofire in Frameworks */ = {isa = PBXBuildFile; productRef = DCC7E7E82C8DBEAB00CDFB6A /* Alamofire */; };
		DCC7E7EB2C8DBF0E00CDFB6A /* Router.swift in Sources */ = {isa = PBXBuildFile; fileRef = DCC7E7EA2C8DBF0E00CDFB6A /* Router.swift */; };
		DCC7E7EE2C8DDCF800CDFB6A /* CoinTabView.swift in Sources */ = {isa = PBXBuildFile; fileRef = DCC7E7ED2C8DDCF800CDFB6A /* CoinTabView.swift */; };
		DCC7E7F32C8DDD7F00CDFB6A /* CoinTrendingView.swift in Sources */ = {isa = PBXBuildFile; fileRef = DCC7E7F22C8DDD7F00CDFB6A /* CoinTrendingView.swift */; };
		DCC7E7F52C8DDD8D00CDFB6A /* CoinStarView.swift in Sources */ = {isa = PBXBuildFile; fileRef = DCC7E7F42C8DDD8D00CDFB6A /* CoinStarView.swift */; };
		DCC7E7F72C8DDD9500CDFB6A /* CoinChartView.swift in Sources */ = {isa = PBXBuildFile; fileRef = DCC7E7F62C8DDD9500CDFB6A /* CoinChartView.swift */; };
/* End PBXBuildFile section */

/* Begin PBXFileReference section */
		DCC7E7C82C8DB8C000CDFB6A /* CoinApp.app */ = {isa = PBXFileReference; explicitFileType = wrapper.application; includeInIndex = 0; path = CoinApp.app; sourceTree = BUILT_PRODUCTS_DIR; };
		DCC7E7CB2C8DB8C000CDFB6A /* CoinAppApp.swift */ = {isa = PBXFileReference; lastKnownFileType = sourcecode.swift; path = CoinAppApp.swift; sourceTree = "<group>"; };
		DCC7E7CD2C8DB8C000CDFB6A /* ContentView.swift */ = {isa = PBXFileReference; lastKnownFileType = sourcecode.swift; path = ContentView.swift; sourceTree = "<group>"; };
		DCC7E7CF2C8DB8C100CDFB6A /* Assets.xcassets */ = {isa = PBXFileReference; lastKnownFileType = folder.assetcatalog; path = Assets.xcassets; sourceTree = "<group>"; };
		DCC7E7D22C8DB8C100CDFB6A /* Preview Assets.xcassets */ = {isa = PBXFileReference; lastKnownFileType = folder.assetcatalog; path = "Preview Assets.xcassets"; sourceTree = "<group>"; };
		DCC7E7DA2C8DB8EF00CDFB6A /* CoinSearchView.swift */ = {isa = PBXFileReference; lastKnownFileType = sourcecode.swift; path = CoinSearchView.swift; sourceTree = "<group>"; };
		DCC7E7DF2C8DBDA500CDFB6A /* CoinSearchModel.swift */ = {isa = PBXFileReference; lastKnownFileType = sourcecode.swift; path = CoinSearchModel.swift; sourceTree = "<group>"; };
		DCC7E7E22C8DBE4200CDFB6A /* NetworkManager.swift */ = {isa = PBXFileReference; lastKnownFileType = sourcecode.swift; path = NetworkManager.swift; sourceTree = "<group>"; };
		DCC7E7EA2C8DBF0E00CDFB6A /* Router.swift */ = {isa = PBXFileReference; lastKnownFileType = sourcecode.swift; path = Router.swift; sourceTree = "<group>"; };
		DCC7E7ED2C8DDCF800CDFB6A /* CoinTabView.swift */ = {isa = PBXFileReference; lastKnownFileType = sourcecode.swift; path = CoinTabView.swift; sourceTree = "<group>"; };
		DCC7E7F22C8DDD7F00CDFB6A /* CoinTrendingView.swift */ = {isa = PBXFileReference; lastKnownFileType = sourcecode.swift; path = CoinTrendingView.swift; sourceTree = "<group>"; };
		DCC7E7F42C8DDD8D00CDFB6A /* CoinStarView.swift */ = {isa = PBXFileReference; lastKnownFileType = sourcecode.swift; path = CoinStarView.swift; sourceTree = "<group>"; };
		DCC7E7F62C8DDD9500CDFB6A /* CoinChartView.swift */ = {isa = PBXFileReference; lastKnownFileType = sourcecode.swift; path = CoinChartView.swift; sourceTree = "<group>"; };
/* End PBXFileReference section */

/* Begin PBXFrameworksBuildPhase section */
		DCC7E7C52C8DB8C000CDFB6A /* Frameworks */ = {
			isa = PBXFrameworksBuildPhase;
			buildActionMask = 2147483647;
			files = (
				DCC7E7E62C8DBE9C00CDFB6A /* Kingfisher in Frameworks */,
				DCC7E7E92C8DBEAB00CDFB6A /* Alamofire in Frameworks */,
			);
			runOnlyForDeploymentPostprocessing = 0;
		};
/* End PBXFrameworksBuildPhase section */

/* Begin PBXGroup section */
		DCC7E7BF2C8DB8C000CDFB6A = {
			isa = PBXGroup;
			children = (
				DCC7E7CA2C8DB8C000CDFB6A /* CoinApp */,
				DCC7E7C92C8DB8C000CDFB6A /* Products */,
			);
			sourceTree = "<group>";
		};
		DCC7E7C92C8DB8C000CDFB6A /* Products */ = {
			isa = PBXGroup;
			children = (
				DCC7E7C82C8DB8C000CDFB6A /* CoinApp.app */,
			);
			name = Products;
			sourceTree = "<group>";
		};
		DCC7E7CA2C8DB8C000CDFB6A /* CoinApp */ = {
			isa = PBXGroup;
			children = (
				DCC7E7CB2C8DB8C000CDFB6A /* CoinAppApp.swift */,
				DCC7E7CD2C8DB8C000CDFB6A /* ContentView.swift */,
				DCC7E7CF2C8DB8C100CDFB6A /* Assets.xcassets */,
				DCC7E7D12C8DB8C100CDFB6A /* Preview Content */,
				DCC7E7DE2C8DBD9300CDFB6A /* Response */,
				DCC7E7E12C8DBE1700CDFB6A /* Network */,
				DCC7E7EC2C8DDCD600CDFB6A /* Tab */,
				DCC7E7EF2C8DDD4400CDFB6A /* Trending */,
				DCC7E7D92C8DB8DE00CDFB6A /* Search */,
				DCC7E7F02C8DDD5700CDFB6A /* Star */,
				DCC7E7F12C8DDD6C00CDFB6A /* Chart */,
			);
			path = CoinApp;
			sourceTree = "<group>";
		};
		DCC7E7D12C8DB8C100CDFB6A /* Preview Content */ = {
			isa = PBXGroup;
			children = (
				DCC7E7D22C8DB8C100CDFB6A /* Preview Assets.xcassets */,
			);
			path = "Preview Content";
			sourceTree = "<group>";
		};
		DCC7E7D92C8DB8DE00CDFB6A /* Search */ = {
			isa = PBXGroup;
			children = (
				DCC7E7DA2C8DB8EF00CDFB6A /* CoinSearchView.swift */,
			);
			path = Search;
			sourceTree = "<group>";
		};
		DCC7E7DE2C8DBD9300CDFB6A /* Response */ = {
			isa = PBXGroup;
			children = (
				DCC7E7DF2C8DBDA500CDFB6A /* CoinSearchModel.swift */,
			);
			path = Response;
			sourceTree = "<group>";
		};
		DCC7E7E12C8DBE1700CDFB6A /* Network */ = {
			isa = PBXGroup;
			children = (
				DCC7E7E22C8DBE4200CDFB6A /* NetworkManager.swift */,
				DCC7E7EA2C8DBF0E00CDFB6A /* Router.swift */,
			);
			path = Network;
			sourceTree = "<group>";
		};
		DCC7E7EC2C8DDCD600CDFB6A /* Tab */ = {
			isa = PBXGroup;
			children = (
				DCC7E7ED2C8DDCF800CDFB6A /* CoinTabView.swift */,
			);
			path = Tab;
			sourceTree = "<group>";
		};
		DCC7E7EF2C8DDD4400CDFB6A /* Trending */ = {
			isa = PBXGroup;
			children = (
				DCC7E7F22C8DDD7F00CDFB6A /* CoinTrendingView.swift */,
			);
			path = Trending;
			sourceTree = "<group>";
		};
		DCC7E7F02C8DDD5700CDFB6A /* Star */ = {
			isa = PBXGroup;
			children = (
				DCC7E7F42C8DDD8D00CDFB6A /* CoinStarView.swift */,
			);
			path = Star;
			sourceTree = "<group>";
		};
		DCC7E7F12C8DDD6C00CDFB6A /* Chart */ = {
			isa = PBXGroup;
			children = (
				DCC7E7F62C8DDD9500CDFB6A /* CoinChartView.swift */,
			);
			path = Chart;
			sourceTree = "<group>";
		};
/* End PBXGroup section */

/* Begin PBXNativeTarget section */
		DCC7E7C72C8DB8C000CDFB6A /* CoinApp */ = {
			isa = PBXNativeTarget;
			buildConfigurationList = DCC7E7D62C8DB8C100CDFB6A /* Build configuration list for PBXNativeTarget "CoinApp" */;
			buildPhases = (
				DCC7E7C42C8DB8C000CDFB6A /* Sources */,
				DCC7E7C52C8DB8C000CDFB6A /* Frameworks */,
				DCC7E7C62C8DB8C000CDFB6A /* Resources */,
			);
			buildRules = (
			);
			dependencies = (
			);
			name = CoinApp;
			packageProductDependencies = (
				DCC7E7E52C8DBE9C00CDFB6A /* Kingfisher */,
				DCC7E7E82C8DBEAB00CDFB6A /* Alamofire */,
			);
			productName = CoinApp;
			productReference = DCC7E7C82C8DB8C000CDFB6A /* CoinApp.app */;
			productType = "com.apple.product-type.application";
		};
/* End PBXNativeTarget section */

/* Begin PBXProject section */
		DCC7E7C02C8DB8C000CDFB6A /* Project object */ = {
			isa = PBXProject;
			attributes = {
				BuildIndependentTargetsInParallel = 1;
				LastSwiftUpdateCheck = 1500;
				LastUpgradeCheck = 1500;
				TargetAttributes = {
					DCC7E7C72C8DB8C000CDFB6A = {
						CreatedOnToolsVersion = 15.0.1;
					};
				};
			};
			buildConfigurationList = DCC7E7C32C8DB8C000CDFB6A /* Build configuration list for PBXProject "CoinApp" */;
			compatibilityVersion = "Xcode 14.0";
			developmentRegion = en;
			hasScannedForEncodings = 0;
			knownRegions = (
				en,
				Base,
			);
			mainGroup = DCC7E7BF2C8DB8C000CDFB6A;
			packageReferences = (
				DCC7E7E42C8DBE9C00CDFB6A /* XCRemoteSwiftPackageReference "Kingfisher" */,
				DCC7E7E72C8DBEAB00CDFB6A /* XCRemoteSwiftPackageReference "Alamofire" */,
			);
			productRefGroup = DCC7E7C92C8DB8C000CDFB6A /* Products */;
			projectDirPath = "";
			projectRoot = "";
			targets = (
				DCC7E7C72C8DB8C000CDFB6A /* CoinApp */,
			);
		};
/* End PBXProject section */

/* Begin PBXResourcesBuildPhase section */
		DCC7E7C62C8DB8C000CDFB6A /* Resources */ = {
			isa = PBXResourcesBuildPhase;
			buildActionMask = 2147483647;
			files = (
				DCC7E7D32C8DB8C100CDFB6A /* Preview Assets.xcassets in Resources */,
				DCC7E7D02C8DB8C100CDFB6A /* Assets.xcassets in Resources */,
			);
			runOnlyForDeploymentPostprocessing = 0;
		};
/* End PBXResourcesBuildPhase section */

/* Begin PBXSourcesBuildPhase section */
		DCC7E7C42C8DB8C000CDFB6A /* Sources */ = {
			isa = PBXSourcesBuildPhase;
			buildActionMask = 2147483647;
			files = (
				DCC7E7F32C8DDD7F00CDFB6A /* CoinTrendingView.swift in Sources */,
				DCC7E7F52C8DDD8D00CDFB6A /* CoinStarView.swift in Sources */,
				DCC7E7E32C8DBE4200CDFB6A /* NetworkManager.swift in Sources */,
				DCC7E7E02C8DBDA500CDFB6A /* CoinSearchModel.swift in Sources */,
				DCC7E7EE2C8DDCF800CDFB6A /* CoinTabView.swift in Sources */,
				DCC7E7EB2C8DBF0E00CDFB6A /* Router.swift in Sources */,
				DCC7E7DB2C8DB8EF00CDFB6A /* CoinSearchView.swift in Sources */,
				DCC7E7CE2C8DB8C000CDFB6A /* ContentView.swift in Sources */,
				DCC7E7F72C8DDD9500CDFB6A /* CoinChartView.swift in Sources */,
				DCC7E7CC2C8DB8C000CDFB6A /* CoinAppApp.swift in Sources */,
			);
			runOnlyForDeploymentPostprocessing = 0;
		};
/* End PBXSourcesBuildPhase section */

/* Begin XCBuildConfiguration section */
		DCC7E7D42C8DB8C100CDFB6A /* Debug */ = {
			isa = XCBuildConfiguration;
			buildSettings = {
				ALWAYS_SEARCH_USER_PATHS = NO;
				ASSETCATALOG_COMPILER_GENERATE_SWIFT_ASSET_SYMBOL_EXTENSIONS = YES;
				CLANG_ANALYZER_NONNULL = YES;
				CLANG_ANALYZER_NUMBER_OBJECT_CONVERSION = YES_AGGRESSIVE;
				CLANG_CXX_LANGUAGE_STANDARD = "gnu++20";
				CLANG_ENABLE_MODULES = YES;
				CLANG_ENABLE_OBJC_ARC = YES;
				CLANG_ENABLE_OBJC_WEAK = YES;
				CLANG_WARN_BLOCK_CAPTURE_AUTORELEASING = YES;
				CLANG_WARN_BOOL_CONVERSION = YES;
				CLANG_WARN_COMMA = YES;
				CLANG_WARN_CONSTANT_CONVERSION = YES;
				CLANG_WARN_DEPRECATED_OBJC_IMPLEMENTATIONS = YES;
				CLANG_WARN_DIRECT_OBJC_ISA_USAGE = YES_ERROR;
				CLANG_WARN_DOCUMENTATION_COMMENTS = YES;
				CLANG_WARN_EMPTY_BODY = YES;
				CLANG_WARN_ENUM_CONVERSION = YES;
				CLANG_WARN_INFINITE_RECURSION = YES;
				CLANG_WARN_INT_CONVERSION = YES;
				CLANG_WARN_NON_LITERAL_NULL_CONVERSION = YES;
				CLANG_WARN_OBJC_IMPLICIT_RETAIN_SELF = YES;
				CLANG_WARN_OBJC_LITERAL_CONVERSION = YES;
				CLANG_WARN_OBJC_ROOT_CLASS = YES_ERROR;
				CLANG_WARN_QUOTED_INCLUDE_IN_FRAMEWORK_HEADER = YES;
				CLANG_WARN_RANGE_LOOP_ANALYSIS = YES;
				CLANG_WARN_STRICT_PROTOTYPES = YES;
				CLANG_WARN_SUSPICIOUS_MOVE = YES;
				CLANG_WARN_UNGUARDED_AVAILABILITY = YES_AGGRESSIVE;
				CLANG_WARN_UNREACHABLE_CODE = YES;
				CLANG_WARN__DUPLICATE_METHOD_MATCH = YES;
				COPY_PHASE_STRIP = NO;
				DEBUG_INFORMATION_FORMAT = dwarf;
				ENABLE_STRICT_OBJC_MSGSEND = YES;
				ENABLE_TESTABILITY = YES;
				ENABLE_USER_SCRIPT_SANDBOXING = YES;
				GCC_C_LANGUAGE_STANDARD = gnu17;
				GCC_DYNAMIC_NO_PIC = NO;
				GCC_NO_COMMON_BLOCKS = YES;
				GCC_OPTIMIZATION_LEVEL = 0;
				GCC_PREPROCESSOR_DEFINITIONS = (
					"DEBUG=1",
					"$(inherited)",
				);
				GCC_WARN_64_TO_32_BIT_CONVERSION = YES;
				GCC_WARN_ABOUT_RETURN_TYPE = YES_ERROR;
				GCC_WARN_UNDECLARED_SELECTOR = YES;
				GCC_WARN_UNINITIALIZED_AUTOS = YES_AGGRESSIVE;
				GCC_WARN_UNUSED_FUNCTION = YES;
				GCC_WARN_UNUSED_VARIABLE = YES;
				IPHONEOS_DEPLOYMENT_TARGET = 17.0;
				LOCALIZATION_PREFERS_STRING_CATALOGS = YES;
				MTL_ENABLE_DEBUG_INFO = INCLUDE_SOURCE;
				MTL_FAST_MATH = YES;
				ONLY_ACTIVE_ARCH = YES;
				SDKROOT = iphoneos;
				SWIFT_ACTIVE_COMPILATION_CONDITIONS = "DEBUG $(inherited)";
				SWIFT_OPTIMIZATION_LEVEL = "-Onone";
			};
			name = Debug;
		};
		DCC7E7D52C8DB8C100CDFB6A /* Release */ = {
			isa = XCBuildConfiguration;
			buildSettings = {
				ALWAYS_SEARCH_USER_PATHS = NO;
				ASSETCATALOG_COMPILER_GENERATE_SWIFT_ASSET_SYMBOL_EXTENSIONS = YES;
				CLANG_ANALYZER_NONNULL = YES;
				CLANG_ANALYZER_NUMBER_OBJECT_CONVERSION = YES_AGGRESSIVE;
				CLANG_CXX_LANGUAGE_STANDARD = "gnu++20";
				CLANG_ENABLE_MODULES = YES;
				CLANG_ENABLE_OBJC_ARC = YES;
				CLANG_ENABLE_OBJC_WEAK = YES;
				CLANG_WARN_BLOCK_CAPTURE_AUTORELEASING = YES;
				CLANG_WARN_BOOL_CONVERSION = YES;
				CLANG_WARN_COMMA = YES;
				CLANG_WARN_CONSTANT_CONVERSION = YES;
				CLANG_WARN_DEPRECATED_OBJC_IMPLEMENTATIONS = YES;
				CLANG_WARN_DIRECT_OBJC_ISA_USAGE = YES_ERROR;
				CLANG_WARN_DOCUMENTATION_COMMENTS = YES;
				CLANG_WARN_EMPTY_BODY = YES;
				CLANG_WARN_ENUM_CONVERSION = YES;
				CLANG_WARN_INFINITE_RECURSION = YES;
				CLANG_WARN_INT_CONVERSION = YES;
				CLANG_WARN_NON_LITERAL_NULL_CONVERSION = YES;
				CLANG_WARN_OBJC_IMPLICIT_RETAIN_SELF = YES;
				CLANG_WARN_OBJC_LITERAL_CONVERSION = YES;
				CLANG_WARN_OBJC_ROOT_CLASS = YES_ERROR;
				CLANG_WARN_QUOTED_INCLUDE_IN_FRAMEWORK_HEADER = YES;
				CLANG_WARN_RANGE_LOOP_ANALYSIS = YES;
				CLANG_WARN_STRICT_PROTOTYPES = YES;
				CLANG_WARN_SUSPICIOUS_MOVE = YES;
				CLANG_WARN_UNGUARDED_AVAILABILITY = YES_AGGRESSIVE;
				CLANG_WARN_UNREACHABLE_CODE = YES;
				CLANG_WARN__DUPLICATE_METHOD_MATCH = YES;
				COPY_PHASE_STRIP = NO;
				DEBUG_INFORMATION_FORMAT = "dwarf-with-dsym";
				ENABLE_NS_ASSERTIONS = NO;
				ENABLE_STRICT_OBJC_MSGSEND = YES;
				ENABLE_USER_SCRIPT_SANDBOXING = YES;
				GCC_C_LANGUAGE_STANDARD = gnu17;
				GCC_NO_COMMON_BLOCKS = YES;
				GCC_WARN_64_TO_32_BIT_CONVERSION = YES;
				GCC_WARN_ABOUT_RETURN_TYPE = YES_ERROR;
				GCC_WARN_UNDECLARED_SELECTOR = YES;
				GCC_WARN_UNINITIALIZED_AUTOS = YES_AGGRESSIVE;
				GCC_WARN_UNUSED_FUNCTION = YES;
				GCC_WARN_UNUSED_VARIABLE = YES;
				IPHONEOS_DEPLOYMENT_TARGET = 17.0;
				LOCALIZATION_PREFERS_STRING_CATALOGS = YES;
				MTL_ENABLE_DEBUG_INFO = NO;
				MTL_FAST_MATH = YES;
				SDKROOT = iphoneos;
				SWIFT_COMPILATION_MODE = wholemodule;
				VALIDATE_PRODUCT = YES;
			};
			name = Release;
		};
		DCC7E7D72C8DB8C100CDFB6A /* Debug */ = {
			isa = XCBuildConfiguration;
			buildSettings = {
				ASSETCATALOG_COMPILER_APPICON_NAME = AppIcon;
				ASSETCATALOG_COMPILER_GLOBAL_ACCENT_COLOR_NAME = AccentColor;
				CODE_SIGN_STYLE = Automatic;
				CURRENT_PROJECT_VERSION = 1;
				DEVELOPMENT_ASSET_PATHS = "\"CoinApp/Preview Content\"";
				DEVELOPMENT_TEAM = VC8Q8WBRQ3;
				ENABLE_PREVIEWS = YES;
				GENERATE_INFOPLIST_FILE = YES;
				INFOPLIST_KEY_UIApplicationSceneManifest_Generation = YES;
				INFOPLIST_KEY_UIApplicationSupportsIndirectInputEvents = YES;
				INFOPLIST_KEY_UILaunchScreen_Generation = YES;
				INFOPLIST_KEY_UISupportedInterfaceOrientations_iPad = "UIInterfaceOrientationPortrait UIInterfaceOrientationPortraitUpsideDown UIInterfaceOrientationLandscapeLeft UIInterfaceOrientationLandscapeRight";
				INFOPLIST_KEY_UISupportedInterfaceOrientations_iPhone = "UIInterfaceOrientationPortrait UIInterfaceOrientationLandscapeLeft UIInterfaceOrientationLandscapeRight";
				LD_RUNPATH_SEARCH_PATHS = (
					"$(inherited)",
					"@executable_path/Frameworks",
				);
				MARKETING_VERSION = 1.0;
				PRODUCT_BUNDLE_IDENTIFIER = srkimdev.CoinApp;
				PRODUCT_NAME = "$(TARGET_NAME)";
				SWIFT_EMIT_LOC_STRINGS = YES;
				SWIFT_VERSION = 5.0;
				TARGETED_DEVICE_FAMILY = "1,2";
			};
			name = Debug;
		};
		DCC7E7D82C8DB8C100CDFB6A /* Release */ = {
			isa = XCBuildConfiguration;
			buildSettings = {
				ASSETCATALOG_COMPILER_APPICON_NAME = AppIcon;
				ASSETCATALOG_COMPILER_GLOBAL_ACCENT_COLOR_NAME = AccentColor;
				CODE_SIGN_STYLE = Automatic;
				CURRENT_PROJECT_VERSION = 1;
				DEVELOPMENT_ASSET_PATHS = "\"CoinApp/Preview Content\"";
				DEVELOPMENT_TEAM = VC8Q8WBRQ3;
				ENABLE_PREVIEWS = YES;
				GENERATE_INFOPLIST_FILE = YES;
				INFOPLIST_KEY_UIApplicationSceneManifest_Generation = YES;
				INFOPLIST_KEY_UIApplicationSupportsIndirectInputEvents = YES;
				INFOPLIST_KEY_UILaunchScreen_Generation = YES;
				INFOPLIST_KEY_UISupportedInterfaceOrientations_iPad = "UIInterfaceOrientationPortrait UIInterfaceOrientationPortraitUpsideDown UIInterfaceOrientationLandscapeLeft UIInterfaceOrientationLandscapeRight";
				INFOPLIST_KEY_UISupportedInterfaceOrientations_iPhone = "UIInterfaceOrientationPortrait UIInterfaceOrientationLandscapeLeft UIInterfaceOrientationLandscapeRight";
				LD_RUNPATH_SEARCH_PATHS = (
					"$(inherited)",
					"@executable_path/Frameworks",
				);
				MARKETING_VERSION = 1.0;
				PRODUCT_BUNDLE_IDENTIFIER = srkimdev.CoinApp;
				PRODUCT_NAME = "$(TARGET_NAME)";
				SWIFT_EMIT_LOC_STRINGS = YES;
				SWIFT_VERSION = 5.0;
				TARGETED_DEVICE_FAMILY = "1,2";
			};
			name = Release;
		};
/* End XCBuildConfiguration section */

/* Begin XCConfigurationList section */
		DCC7E7C32C8DB8C000CDFB6A /* Build configuration list for PBXProject "CoinApp" */ = {
			isa = XCConfigurationList;
			buildConfigurations = (
				DCC7E7D42C8DB8C100CDFB6A /* Debug */,
				DCC7E7D52C8DB8C100CDFB6A /* Release */,
			);
			defaultConfigurationIsVisible = 0;
			defaultConfigurationName = Release;
		};
		DCC7E7D62C8DB8C100CDFB6A /* Build configuration list for PBXNativeTarget "CoinApp" */ = {
			isa = XCConfigurationList;
			buildConfigurations = (
				DCC7E7D72C8DB8C100CDFB6A /* Debug */,
				DCC7E7D82C8DB8C100CDFB6A /* Release */,
			);
			defaultConfigurationIsVisible = 0;
			defaultConfigurationName = Release;
		};
/* End XCConfigurationList section */

/* Begin XCRemoteSwiftPackageReference section */
		DCC7E7E42C8DBE9C00CDFB6A /* XCRemoteSwiftPackageReference "Kingfisher" */ = {
			isa = XCRemoteSwiftPackageReference;
			repositoryURL = "https://github.com/onevcat/Kingfisher.git";
			requirement = {
				kind = upToNextMajorVersion;
				minimumVersion = 7.12.0;
			};
		};
		DCC7E7E72C8DBEAB00CDFB6A /* XCRemoteSwiftPackageReference "Alamofire" */ = {
			isa = XCRemoteSwiftPackageReference;
			repositoryURL = "https://github.com/Alamofire/Alamofire.git";
			requirement = {
				kind = upToNextMajorVersion;
				minimumVersion = 5.9.1;
			};
		};
/* End XCRemoteSwiftPackageReference section */

/* Begin XCSwiftPackageProductDependency section */
		DCC7E7E52C8DBE9C00CDFB6A /* Kingfisher */ = {
			isa = XCSwiftPackageProductDependency;
			package = DCC7E7E42C8DBE9C00CDFB6A /* XCRemoteSwiftPackageReference "Kingfisher" */;
			productName = Kingfisher;
		};
		DCC7E7E82C8DBEAB00CDFB6A /* Alamofire */ = {
			isa = XCSwiftPackageProductDependency;
			package = DCC7E7E72C8DBEAB00CDFB6A /* XCRemoteSwiftPackageReference "Alamofire" */;
			productName = Alamofire;
		};
/* End XCSwiftPackageProductDependency section */
	};
	rootObject = DCC7E7C02C8DB8C000CDFB6A /* Project object */;
}
