// !$*UTF8*$!
{
	archiveVersion = 1;
	classes = {
	};
	objectVersion = 56;
	objects = {

/* Begin PBXBuildFile section */
		DC5B04112C33E67C00CBA85C /* AppDelegate.swift in Sources */ = {isa = PBXBuildFile; fileRef = DC5B04102C33E67C00CBA85C /* AppDelegate.swift */; };
		DC5B04132C33E67C00CBA85C /* SceneDelegate.swift in Sources */ = {isa = PBXBuildFile; fileRef = DC5B04122C33E67C00CBA85C /* SceneDelegate.swift */; };
		DC5B04152C33E67C00CBA85C /* ViewController.swift in Sources */ = {isa = PBXBuildFile; fileRef = DC5B04142C33E67C00CBA85C /* ViewController.swift */; };
		DC5B04182C33E67C00CBA85C /* Base in Resources */ = {isa = PBXBuildFile; fileRef = DC5B04172C33E67C00CBA85C /* Base */; };
		DC5B041A2C33E67E00CBA85C /* Assets.xcassets in Resources */ = {isa = PBXBuildFile; fileRef = DC5B04192C33E67E00CBA85C /* Assets.xcassets */; };
		DC5B041D2C33E67E00CBA85C /* Base in Resources */ = {isa = PBXBuildFile; fileRef = DC5B041C2C33E67E00CBA85C /* Base */; };
		DC5B04252C33E78000CBA85C /* TodoListViewController.swift in Sources */ = {isa = PBXBuildFile; fileRef = DC5B04242C33E78000CBA85C /* TodoListViewController.swift */; };
		DC5B04272C33E7A300CBA85C /* RegisterViewController.swift in Sources */ = {isa = PBXBuildFile; fileRef = DC5B04262C33E7A300CBA85C /* RegisterViewController.swift */; };
		DC5B042D2C33E7D700CBA85C /* SnapKit in Frameworks */ = {isa = PBXBuildFile; productRef = DC5B042C2C33E7D700CBA85C /* SnapKit */; };
		DC5B04302C33EB1800CBA85C /* TodoListTableViewCell.swift in Sources */ = {isa = PBXBuildFile; fileRef = DC5B042F2C33EB1800CBA85C /* TodoListTableViewCell.swift */; };
		DC5B04332C33EE1500CBA85C /* ReusableProtocol.swift in Sources */ = {isa = PBXBuildFile; fileRef = DC5B04322C33EE1500CBA85C /* ReusableProtocol.swift */; };
		DC5B04382C33F64400CBA85C /* ResisterOtherTableViewCell.swift in Sources */ = {isa = PBXBuildFile; fileRef = DC5B04372C33F64400CBA85C /* ResisterOtherTableViewCell.swift */; };
		DC5B043B2C340DA400CBA85C /* RealmSwift in Frameworks */ = {isa = PBXBuildFile; productRef = DC5B043A2C340DA400CBA85C /* RealmSwift */; };
		DC5B043E2C340EB200CBA85C /* DataBase.swift in Sources */ = {isa = PBXBuildFile; fileRef = DC5B043D2C340EB200CBA85C /* DataBase.swift */; };
		DC5B04442C3531D100CBA85C /* DateViewController.swift in Sources */ = {isa = PBXBuildFile; fileRef = DC5B04432C3531D100CBA85C /* DateViewController.swift */; };
		DC5B04462C3531DC00CBA85C /* TagViewController.swift in Sources */ = {isa = PBXBuildFile; fileRef = DC5B04452C3531DC00CBA85C /* TagViewController.swift */; };
		DC5B04482C3531EC00CBA85C /* PriorityViewController.swift in Sources */ = {isa = PBXBuildFile; fileRef = DC5B04472C3531EC00CBA85C /* PriorityViewController.swift */; };
		DC5B044A2C3532DE00CBA85C /* PHPickerViewController.swift in Sources */ = {isa = PBXBuildFile; fileRef = DC5B04492C3532DE00CBA85C /* PHPickerViewController.swift */; };
		DC5B044D2C3568BF00CBA85C /* MainViewController.swift in Sources */ = {isa = PBXBuildFile; fileRef = DC5B044C2C3568BF00CBA85C /* MainViewController.swift */; };
		DC5B044F2C356AC800CBA85C /* MainCollectionViewCell.swift in Sources */ = {isa = PBXBuildFile; fileRef = DC5B044E2C356AC800CBA85C /* MainCollectionViewCell.swift */; };
/* End PBXBuildFile section */

/* Begin PBXFileReference section */
		DC5B040D2C33E67C00CBA85C /* Reminder Project.app */ = {isa = PBXFileReference; explicitFileType = wrapper.application; includeInIndex = 0; path = "Reminder Project.app"; sourceTree = BUILT_PRODUCTS_DIR; };
		DC5B04102C33E67C00CBA85C /* AppDelegate.swift */ = {isa = PBXFileReference; lastKnownFileType = sourcecode.swift; path = AppDelegate.swift; sourceTree = "<group>"; };
		DC5B04122C33E67C00CBA85C /* SceneDelegate.swift */ = {isa = PBXFileReference; lastKnownFileType = sourcecode.swift; path = SceneDelegate.swift; sourceTree = "<group>"; };
		DC5B04142C33E67C00CBA85C /* ViewController.swift */ = {isa = PBXFileReference; lastKnownFileType = sourcecode.swift; path = ViewController.swift; sourceTree = "<group>"; };
		DC5B04172C33E67C00CBA85C /* Base */ = {isa = PBXFileReference; lastKnownFileType = file.storyboard; name = Base; path = Base.lproj/Main.storyboard; sourceTree = "<group>"; };
		DC5B04192C33E67E00CBA85C /* Assets.xcassets */ = {isa = PBXFileReference; lastKnownFileType = folder.assetcatalog; path = Assets.xcassets; sourceTree = "<group>"; };
		DC5B041C2C33E67E00CBA85C /* Base */ = {isa = PBXFileReference; lastKnownFileType = file.storyboard; name = Base; path = Base.lproj/LaunchScreen.storyboard; sourceTree = "<group>"; };
		DC5B041E2C33E67E00CBA85C /* Info.plist */ = {isa = PBXFileReference; lastKnownFileType = text.plist.xml; path = Info.plist; sourceTree = "<group>"; };
		DC5B04242C33E78000CBA85C /* TodoListViewController.swift */ = {isa = PBXFileReference; lastKnownFileType = sourcecode.swift; path = TodoListViewController.swift; sourceTree = "<group>"; };
		DC5B04262C33E7A300CBA85C /* RegisterViewController.swift */ = {isa = PBXFileReference; lastKnownFileType = sourcecode.swift; path = RegisterViewController.swift; sourceTree = "<group>"; };
		DC5B042F2C33EB1800CBA85C /* TodoListTableViewCell.swift */ = {isa = PBXFileReference; lastKnownFileType = sourcecode.swift; path = TodoListTableViewCell.swift; sourceTree = "<group>"; };
		DC5B04322C33EE1500CBA85C /* ReusableProtocol.swift */ = {isa = PBXFileReference; lastKnownFileType = sourcecode.swift; path = ReusableProtocol.swift; sourceTree = "<group>"; };
		DC5B04372C33F64400CBA85C /* ResisterOtherTableViewCell.swift */ = {isa = PBXFileReference; lastKnownFileType = sourcecode.swift; path = ResisterOtherTableViewCell.swift; sourceTree = "<group>"; };
		DC5B043D2C340EB200CBA85C /* DataBase.swift */ = {isa = PBXFileReference; lastKnownFileType = sourcecode.swift; path = DataBase.swift; sourceTree = "<group>"; };
		DC5B04432C3531D100CBA85C /* DateViewController.swift */ = {isa = PBXFileReference; lastKnownFileType = sourcecode.swift; path = DateViewController.swift; sourceTree = "<group>"; };
		DC5B04452C3531DC00CBA85C /* TagViewController.swift */ = {isa = PBXFileReference; lastKnownFileType = sourcecode.swift; path = TagViewController.swift; sourceTree = "<group>"; };
		DC5B04472C3531EC00CBA85C /* PriorityViewController.swift */ = {isa = PBXFileReference; lastKnownFileType = sourcecode.swift; path = PriorityViewController.swift; sourceTree = "<group>"; };
		DC5B04492C3532DE00CBA85C /* PHPickerViewController.swift */ = {isa = PBXFileReference; lastKnownFileType = sourcecode.swift; path = PHPickerViewController.swift; sourceTree = "<group>"; };
		DC5B044C2C3568BF00CBA85C /* MainViewController.swift */ = {isa = PBXFileReference; lastKnownFileType = sourcecode.swift; path = MainViewController.swift; sourceTree = "<group>"; };
		DC5B044E2C356AC800CBA85C /* MainCollectionViewCell.swift */ = {isa = PBXFileReference; lastKnownFileType = sourcecode.swift; path = MainCollectionViewCell.swift; sourceTree = "<group>"; };
/* End PBXFileReference section */

/* Begin PBXFrameworksBuildPhase section */
		DC5B040A2C33E67C00CBA85C /* Frameworks */ = {
			isa = PBXFrameworksBuildPhase;
			buildActionMask = 2147483647;
			files = (
				DC5B043B2C340DA400CBA85C /* RealmSwift in Frameworks */,
				DC5B042D2C33E7D700CBA85C /* SnapKit in Frameworks */,
			);
			runOnlyForDeploymentPostprocessing = 0;
		};
/* End PBXFrameworksBuildPhase section */

/* Begin PBXGroup section */
		DC5B04042C33E67C00CBA85C = {
			isa = PBXGroup;
			children = (
				DC5B040F2C33E67C00CBA85C /* Reminder Project */,
				DC5B040E2C33E67C00CBA85C /* Products */,
			);
			sourceTree = "<group>";
		};
		DC5B040E2C33E67C00CBA85C /* Products */ = {
			isa = PBXGroup;
			children = (
				DC5B040D2C33E67C00CBA85C /* Reminder Project.app */,
			);
			name = Products;
			sourceTree = "<group>";
		};
		DC5B040F2C33E67C00CBA85C /* Reminder Project */ = {
			isa = PBXGroup;
			children = (
				DC5B04102C33E67C00CBA85C /* AppDelegate.swift */,
				DC5B04122C33E67C00CBA85C /* SceneDelegate.swift */,
				DC5B04142C33E67C00CBA85C /* ViewController.swift */,
				DC5B04162C33E67C00CBA85C /* Main.storyboard */,
				DC5B04192C33E67E00CBA85C /* Assets.xcassets */,
				DC5B041B2C33E67E00CBA85C /* LaunchScreen.storyboard */,
				DC5B041E2C33E67E00CBA85C /* Info.plist */,
				DC5B043C2C340E9000CBA85C /* DB */,
				DC5B04312C33EE0600CBA85C /* Stuff */,
				DC5B044B2C35689B00CBA85C /* Main */,
				DC5B042E2C33EAFB00CBA85C /* List */,
				DC5B04342C33F3C300CBA85C /* Register */,
				DC5B04422C35319E00CBA85C /* Detail */,
			);
			path = "Reminder Project";
			sourceTree = "<group>";
		};
		DC5B042E2C33EAFB00CBA85C /* List */ = {
			isa = PBXGroup;
			children = (
				DC5B04242C33E78000CBA85C /* TodoListViewController.swift */,
				DC5B042F2C33EB1800CBA85C /* TodoListTableViewCell.swift */,
			);
			path = List;
			sourceTree = "<group>";
		};
		DC5B04312C33EE0600CBA85C /* Stuff */ = {
			isa = PBXGroup;
			children = (
				DC5B04322C33EE1500CBA85C /* ReusableProtocol.swift */,
			);
			path = Stuff;
			sourceTree = "<group>";
		};
		DC5B04342C33F3C300CBA85C /* Register */ = {
			isa = PBXGroup;
			children = (
				DC5B04262C33E7A300CBA85C /* RegisterViewController.swift */,
				DC5B04372C33F64400CBA85C /* ResisterOtherTableViewCell.swift */,
			);
			path = Register;
			sourceTree = "<group>";
		};
		DC5B043C2C340E9000CBA85C /* DB */ = {
			isa = PBXGroup;
			children = (
				DC5B043D2C340EB200CBA85C /* DataBase.swift */,
			);
			path = DB;
			sourceTree = "<group>";
		};
		DC5B04422C35319E00CBA85C /* Detail */ = {
			isa = PBXGroup;
			children = (
				DC5B04432C3531D100CBA85C /* DateViewController.swift */,
				DC5B04452C3531DC00CBA85C /* TagViewController.swift */,
				DC5B04472C3531EC00CBA85C /* PriorityViewController.swift */,
				DC5B04492C3532DE00CBA85C /* PHPickerViewController.swift */,
			);
			path = Detail;
			sourceTree = "<group>";
		};
		DC5B044B2C35689B00CBA85C /* Main */ = {
			isa = PBXGroup;
			children = (
				DC5B044C2C3568BF00CBA85C /* MainViewController.swift */,
				DC5B044E2C356AC800CBA85C /* MainCollectionViewCell.swift */,
			);
			path = Main;
			sourceTree = "<group>";
		};
/* End PBXGroup section */

/* Begin PBXNativeTarget section */
		DC5B040C2C33E67C00CBA85C /* Reminder Project */ = {
			isa = PBXNativeTarget;
			buildConfigurationList = DC5B04212C33E67E00CBA85C /* Build configuration list for PBXNativeTarget "Reminder Project" */;
			buildPhases = (
				DC5B04092C33E67C00CBA85C /* Sources */,
				DC5B040A2C33E67C00CBA85C /* Frameworks */,
				DC5B040B2C33E67C00CBA85C /* Resources */,
			);
			buildRules = (
			);
			dependencies = (
			);
			name = "Reminder Project";
			packageProductDependencies = (
				DC5B042C2C33E7D700CBA85C /* SnapKit */,
				DC5B043A2C340DA400CBA85C /* RealmSwift */,
			);
			productName = "Reminder Project";
			productReference = DC5B040D2C33E67C00CBA85C /* Reminder Project.app */;
			productType = "com.apple.product-type.application";
		};
/* End PBXNativeTarget section */

/* Begin PBXProject section */
		DC5B04052C33E67C00CBA85C /* Project object */ = {
			isa = PBXProject;
			attributes = {
				BuildIndependentTargetsInParallel = 1;
				LastSwiftUpdateCheck = 1540;
				LastUpgradeCheck = 1540;
				TargetAttributes = {
					DC5B040C2C33E67C00CBA85C = {
						CreatedOnToolsVersion = 15.4;
					};
				};
			};
			buildConfigurationList = DC5B04082C33E67C00CBA85C /* Build configuration list for PBXProject "Reminder Project" */;
			compatibilityVersion = "Xcode 14.0";
			developmentRegion = en;
			hasScannedForEncodings = 0;
			knownRegions = (
				en,
				Base,
			);
			mainGroup = DC5B04042C33E67C00CBA85C;
			packageReferences = (
				DC5B042B2C33E7D700CBA85C /* XCRemoteSwiftPackageReference "SnapKit" */,
				DC5B04392C340DA400CBA85C /* XCRemoteSwiftPackageReference "realm-swift" */,
			);
			productRefGroup = DC5B040E2C33E67C00CBA85C /* Products */;
			projectDirPath = "";
			projectRoot = "";
			targets = (
				DC5B040C2C33E67C00CBA85C /* Reminder Project */,
			);
		};
/* End PBXProject section */

/* Begin PBXResourcesBuildPhase section */
		DC5B040B2C33E67C00CBA85C /* Resources */ = {
			isa = PBXResourcesBuildPhase;
			buildActionMask = 2147483647;
			files = (
				DC5B041A2C33E67E00CBA85C /* Assets.xcassets in Resources */,
				DC5B041D2C33E67E00CBA85C /* Base in Resources */,
				DC5B04182C33E67C00CBA85C /* Base in Resources */,
			);
			runOnlyForDeploymentPostprocessing = 0;
		};
/* End PBXResourcesBuildPhase section */

/* Begin PBXSourcesBuildPhase section */
		DC5B04092C33E67C00CBA85C /* Sources */ = {
			isa = PBXSourcesBuildPhase;
			buildActionMask = 2147483647;
			files = (
				DC5B04442C3531D100CBA85C /* DateViewController.swift in Sources */,
				DC5B043E2C340EB200CBA85C /* DataBase.swift in Sources */,
				DC5B04252C33E78000CBA85C /* TodoListViewController.swift in Sources */,
				DC5B04332C33EE1500CBA85C /* ReusableProtocol.swift in Sources */,
				DC5B04272C33E7A300CBA85C /* RegisterViewController.swift in Sources */,
				DC5B04152C33E67C00CBA85C /* ViewController.swift in Sources */,
				DC5B04462C3531DC00CBA85C /* TagViewController.swift in Sources */,
				DC5B044F2C356AC800CBA85C /* MainCollectionViewCell.swift in Sources */,
				DC5B044D2C3568BF00CBA85C /* MainViewController.swift in Sources */,
				DC5B04112C33E67C00CBA85C /* AppDelegate.swift in Sources */,
				DC5B04482C3531EC00CBA85C /* PriorityViewController.swift in Sources */,
				DC5B04132C33E67C00CBA85C /* SceneDelegate.swift in Sources */,
				DC5B04302C33EB1800CBA85C /* TodoListTableViewCell.swift in Sources */,
				DC5B044A2C3532DE00CBA85C /* PHPickerViewController.swift in Sources */,
				DC5B04382C33F64400CBA85C /* ResisterOtherTableViewCell.swift in Sources */,
			);
			runOnlyForDeploymentPostprocessing = 0;
		};
/* End PBXSourcesBuildPhase section */

/* Begin PBXVariantGroup section */
		DC5B04162C33E67C00CBA85C /* Main.storyboard */ = {
			isa = PBXVariantGroup;
			children = (
				DC5B04172C33E67C00CBA85C /* Base */,
			);
			name = Main.storyboard;
			sourceTree = "<group>";
		};
		DC5B041B2C33E67E00CBA85C /* LaunchScreen.storyboard */ = {
			isa = PBXVariantGroup;
			children = (
				DC5B041C2C33E67E00CBA85C /* Base */,
			);
			name = LaunchScreen.storyboard;
			sourceTree = "<group>";
		};
/* End PBXVariantGroup section */

/* Begin XCBuildConfiguration section */
		DC5B041F2C33E67E00CBA85C /* Debug */ = {
			isa = XCBuildConfiguration;
			buildSettings = {
				ALWAYS_SEARCH_USER_PATHS = NO;
				ASSETCATALOG_COMPILER_GENERATE_SWIFT_ASSET_SYMBOL_EXTENSIONS = YES;
				CLANG_ANALYZER_NONNULL = YES;
				CLANG_ANALYZER_NUMBER_OBJECT_CONVERSION = YES_AGGRESSIVE;
				CLANG_CXX_LANGUAGE_STANDARD = "gnu++20";
				CLANG_ENABLE_MODULES = YES;
				CLANG_ENABLE_OBJC_ARC = YES;
				CLANG_ENABLE_OBJC_WEAK = YES;
				CLANG_WARN_BLOCK_CAPTURE_AUTORELEASING = YES;
				CLANG_WARN_BOOL_CONVERSION = YES;
				CLANG_WARN_COMMA = YES;
				CLANG_WARN_CONSTANT_CONVERSION = YES;
				CLANG_WARN_DEPRECATED_OBJC_IMPLEMENTATIONS = YES;
				CLANG_WARN_DIRECT_OBJC_ISA_USAGE = YES_ERROR;
				CLANG_WARN_DOCUMENTATION_COMMENTS = YES;
				CLANG_WARN_EMPTY_BODY = YES;
				CLANG_WARN_ENUM_CONVERSION = YES;
				CLANG_WARN_INFINITE_RECURSION = YES;
				CLANG_WARN_INT_CONVERSION = YES;
				CLANG_WARN_NON_LITERAL_NULL_CONVERSION = YES;
				CLANG_WARN_OBJC_IMPLICIT_RETAIN_SELF = YES;
				CLANG_WARN_OBJC_LITERAL_CONVERSION = YES;
				CLANG_WARN_OBJC_ROOT_CLASS = YES_ERROR;
				CLANG_WARN_QUOTED_INCLUDE_IN_FRAMEWORK_HEADER = YES;
				CLANG_WARN_RANGE_LOOP_ANALYSIS = YES;
				CLANG_WARN_STRICT_PROTOTYPES = YES;
				CLANG_WARN_SUSPICIOUS_MOVE = YES;
				CLANG_WARN_UNGUARDED_AVAILABILITY = YES_AGGRESSIVE;
				CLANG_WARN_UNREACHABLE_CODE = YES;
				CLANG_WARN__DUPLICATE_METHOD_MATCH = YES;
				COPY_PHASE_STRIP = NO;
				DEBUG_INFORMATION_FORMAT = dwarf;
				ENABLE_STRICT_OBJC_MSGSEND = YES;
				ENABLE_TESTABILITY = YES;
				ENABLE_USER_SCRIPT_SANDBOXING = YES;
				GCC_C_LANGUAGE_STANDARD = gnu17;
				GCC_DYNAMIC_NO_PIC = NO;
				GCC_NO_COMMON_BLOCKS = YES;
				GCC_OPTIMIZATION_LEVEL = 0;
				GCC_PREPROCESSOR_DEFINITIONS = (
					"DEBUG=1",
					"$(inherited)",
				);
				GCC_WARN_64_TO_32_BIT_CONVERSION = YES;
				GCC_WARN_ABOUT_RETURN_TYPE = YES_ERROR;
				GCC_WARN_UNDECLARED_SELECTOR = YES;
				GCC_WARN_UNINITIALIZED_AUTOS = YES_AGGRESSIVE;
				GCC_WARN_UNUSED_FUNCTION = YES;
				GCC_WARN_UNUSED_VARIABLE = YES;
				IPHONEOS_DEPLOYMENT_TARGET = 17.5;
				LOCALIZATION_PREFERS_STRING_CATALOGS = YES;
				MTL_ENABLE_DEBUG_INFO = INCLUDE_SOURCE;
				MTL_FAST_MATH = YES;
				ONLY_ACTIVE_ARCH = YES;
				SDKROOT = iphoneos;
				SWIFT_ACTIVE_COMPILATION_CONDITIONS = "DEBUG $(inherited)";
				SWIFT_OPTIMIZATION_LEVEL = "-Onone";
			};
			name = Debug;
		};
		DC5B04202C33E67E00CBA85C /* Release */ = {
			isa = XCBuildConfiguration;
			buildSettings = {
				ALWAYS_SEARCH_USER_PATHS = NO;
				ASSETCATALOG_COMPILER_GENERATE_SWIFT_ASSET_SYMBOL_EXTENSIONS = YES;
				CLANG_ANALYZER_NONNULL = YES;
				CLANG_ANALYZER_NUMBER_OBJECT_CONVERSION = YES_AGGRESSIVE;
				CLANG_CXX_LANGUAGE_STANDARD = "gnu++20";
				CLANG_ENABLE_MODULES = YES;
				CLANG_ENABLE_OBJC_ARC = YES;
				CLANG_ENABLE_OBJC_WEAK = YES;
				CLANG_WARN_BLOCK_CAPTURE_AUTORELEASING = YES;
				CLANG_WARN_BOOL_CONVERSION = YES;
				CLANG_WARN_COMMA = YES;
				CLANG_WARN_CONSTANT_CONVERSION = YES;
				CLANG_WARN_DEPRECATED_OBJC_IMPLEMENTATIONS = YES;
				CLANG_WARN_DIRECT_OBJC_ISA_USAGE = YES_ERROR;
				CLANG_WARN_DOCUMENTATION_COMMENTS = YES;
				CLANG_WARN_EMPTY_BODY = YES;
				CLANG_WARN_ENUM_CONVERSION = YES;
				CLANG_WARN_INFINITE_RECURSION = YES;
				CLANG_WARN_INT_CONVERSION = YES;
				CLANG_WARN_NON_LITERAL_NULL_CONVERSION = YES;
				CLANG_WARN_OBJC_IMPLICIT_RETAIN_SELF = YES;
				CLANG_WARN_OBJC_LITERAL_CONVERSION = YES;
				CLANG_WARN_OBJC_ROOT_CLASS = YES_ERROR;
				CLANG_WARN_QUOTED_INCLUDE_IN_FRAMEWORK_HEADER = YES;
				CLANG_WARN_RANGE_LOOP_ANALYSIS = YES;
				CLANG_WARN_STRICT_PROTOTYPES = YES;
				CLANG_WARN_SUSPICIOUS_MOVE = YES;
				CLANG_WARN_UNGUARDED_AVAILABILITY = YES_AGGRESSIVE;
				CLANG_WARN_UNREACHABLE_CODE = YES;
				CLANG_WARN__DUPLICATE_METHOD_MATCH = YES;
				COPY_PHASE_STRIP = NO;
				DEBUG_INFORMATION_FORMAT = "dwarf-with-dsym";
				ENABLE_NS_ASSERTIONS = NO;
				ENABLE_STRICT_OBJC_MSGSEND = YES;
				ENABLE_USER_SCRIPT_SANDBOXING = YES;
				GCC_C_LANGUAGE_STANDARD = gnu17;
				GCC_NO_COMMON_BLOCKS = YES;
				GCC_WARN_64_TO_32_BIT_CONVERSION = YES;
				GCC_WARN_ABOUT_RETURN_TYPE = YES_ERROR;
				GCC_WARN_UNDECLARED_SELECTOR = YES;
				GCC_WARN_UNINITIALIZED_AUTOS = YES_AGGRESSIVE;
				GCC_WARN_UNUSED_FUNCTION = YES;
				GCC_WARN_UNUSED_VARIABLE = YES;
				IPHONEOS_DEPLOYMENT_TARGET = 17.5;
				LOCALIZATION_PREFERS_STRING_CATALOGS = YES;
				MTL_ENABLE_DEBUG_INFO = NO;
				MTL_FAST_MATH = YES;
				SDKROOT = iphoneos;
				SWIFT_COMPILATION_MODE = wholemodule;
				VALIDATE_PRODUCT = YES;
			};
			name = Release;
		};
		DC5B04222C33E67E00CBA85C /* Debug */ = {
			isa = XCBuildConfiguration;
			buildSettings = {
				ASSETCATALOG_COMPILER_APPICON_NAME = AppIcon;
				ASSETCATALOG_COMPILER_GLOBAL_ACCENT_COLOR_NAME = AccentColor;
				CODE_SIGN_STYLE = Automatic;
				CURRENT_PROJECT_VERSION = 1;
				DEVELOPMENT_TEAM = VC8Q8WBRQ3;
				GENERATE_INFOPLIST_FILE = YES;
				INFOPLIST_FILE = "Reminder Project/Info.plist";
				INFOPLIST_KEY_UIApplicationSupportsIndirectInputEvents = YES;
				INFOPLIST_KEY_UILaunchStoryboardName = LaunchScreen;
				INFOPLIST_KEY_UIMainStoryboardFile = Main;
				INFOPLIST_KEY_UISupportedInterfaceOrientations = UIInterfaceOrientationPortrait;
				INFOPLIST_KEY_UISupportedInterfaceOrientations_iPad = "UIInterfaceOrientationLandscapeLeft UIInterfaceOrientationLandscapeRight UIInterfaceOrientationPortrait UIInterfaceOrientationPortraitUpsideDown";
				IPHONEOS_DEPLOYMENT_TARGET = 16.0;
				LD_RUNPATH_SEARCH_PATHS = (
					"$(inherited)",
					"@executable_path/Frameworks",
				);
				MARKETING_VERSION = 1.0;
				PRODUCT_BUNDLE_IDENTIFIER = "srkimdev.Reminder-Project";
				PRODUCT_NAME = "$(TARGET_NAME)";
				SUPPORTED_PLATFORMS = "iphoneos iphonesimulator";
				SUPPORTS_MACCATALYST = NO;
				SUPPORTS_MAC_DESIGNED_FOR_IPHONE_IPAD = NO;
				SUPPORTS_XR_DESIGNED_FOR_IPHONE_IPAD = NO;
				SWIFT_EMIT_LOC_STRINGS = YES;
				SWIFT_VERSION = 5.0;
				TARGETED_DEVICE_FAMILY = 1;
			};
			name = Debug;
		};
		DC5B04232C33E67E00CBA85C /* Release */ = {
			isa = XCBuildConfiguration;
			buildSettings = {
				ASSETCATALOG_COMPILER_APPICON_NAME = AppIcon;
				ASSETCATALOG_COMPILER_GLOBAL_ACCENT_COLOR_NAME = AccentColor;
				CODE_SIGN_STYLE = Automatic;
				CURRENT_PROJECT_VERSION = 1;
				DEVELOPMENT_TEAM = VC8Q8WBRQ3;
				GENERATE_INFOPLIST_FILE = YES;
				INFOPLIST_FILE = "Reminder Project/Info.plist";
				INFOPLIST_KEY_UIApplicationSupportsIndirectInputEvents = YES;
				INFOPLIST_KEY_UILaunchStoryboardName = LaunchScreen;
				INFOPLIST_KEY_UIMainStoryboardFile = Main;
				INFOPLIST_KEY_UISupportedInterfaceOrientations = UIInterfaceOrientationPortrait;
				INFOPLIST_KEY_UISupportedInterfaceOrientations_iPad = "UIInterfaceOrientationLandscapeLeft UIInterfaceOrientationLandscapeRight UIInterfaceOrientationPortrait UIInterfaceOrientationPortraitUpsideDown";
				IPHONEOS_DEPLOYMENT_TARGET = 16.0;
				LD_RUNPATH_SEARCH_PATHS = (
					"$(inherited)",
					"@executable_path/Frameworks",
				);
				MARKETING_VERSION = 1.0;
				PRODUCT_BUNDLE_IDENTIFIER = "srkimdev.Reminder-Project";
				PRODUCT_NAME = "$(TARGET_NAME)";
				SUPPORTED_PLATFORMS = "iphoneos iphonesimulator";
				SUPPORTS_MACCATALYST = NO;
				SUPPORTS_MAC_DESIGNED_FOR_IPHONE_IPAD = NO;
				SUPPORTS_XR_DESIGNED_FOR_IPHONE_IPAD = NO;
				SWIFT_EMIT_LOC_STRINGS = YES;
				SWIFT_VERSION = 5.0;
				TARGETED_DEVICE_FAMILY = 1;
			};
			name = Release;
		};
/* End XCBuildConfiguration section */

/* Begin XCConfigurationList section */
		DC5B04082C33E67C00CBA85C /* Build configuration list for PBXProject "Reminder Project" */ = {
			isa = XCConfigurationList;
			buildConfigurations = (
				DC5B041F2C33E67E00CBA85C /* Debug */,
				DC5B04202C33E67E00CBA85C /* Release */,
			);
			defaultConfigurationIsVisible = 0;
			defaultConfigurationName = Release;
		};
		DC5B04212C33E67E00CBA85C /* Build configuration list for PBXNativeTarget "Reminder Project" */ = {
			isa = XCConfigurationList;
			buildConfigurations = (
				DC5B04222C33E67E00CBA85C /* Debug */,
				DC5B04232C33E67E00CBA85C /* Release */,
			);
			defaultConfigurationIsVisible = 0;
			defaultConfigurationName = Release;
		};
/* End XCConfigurationList section */

/* Begin XCRemoteSwiftPackageReference section */
		DC5B042B2C33E7D700CBA85C /* XCRemoteSwiftPackageReference "SnapKit" */ = {
			isa = XCRemoteSwiftPackageReference;
			repositoryURL = "https://github.com/SnapKit/SnapKit.git";
			requirement = {
				kind = upToNextMajorVersion;
				minimumVersion = 5.7.1;
			};
		};
		DC5B04392C340DA400CBA85C /* XCRemoteSwiftPackageReference "realm-swift" */ = {
			isa = XCRemoteSwiftPackageReference;
			repositoryURL = "https://github.com/realm/realm-swift.git";
			requirement = {
				kind = exactVersion;
				version = 10.52.1;
			};
		};
/* End XCRemoteSwiftPackageReference section */

/* Begin XCSwiftPackageProductDependency section */
		DC5B042C2C33E7D700CBA85C /* SnapKit */ = {
			isa = XCSwiftPackageProductDependency;
			package = DC5B042B2C33E7D700CBA85C /* XCRemoteSwiftPackageReference "SnapKit" */;
			productName = SnapKit;
		};
		DC5B043A2C340DA400CBA85C /* RealmSwift */ = {
			isa = XCSwiftPackageProductDependency;
			package = DC5B04392C340DA400CBA85C /* XCRemoteSwiftPackageReference "realm-swift" */;
			productName = RealmSwift;
		};
/* End XCSwiftPackageProductDependency section */
	};
	rootObject = DC5B04052C33E67C00CBA85C /* Project object */;
}
